// !$*UTF8*$!
{
	archiveVersion = 1;
	classes = {
	};
	objectVersion = 46;
	objects = {

/* Begin PBXBuildFile section */
		B923731B1E7A2EDC004A8BC9 /* DataCenter.m in Sources */ = {isa = PBXBuildFile; fileRef = B923731A1E7A2EDC004A8BC9 /* DataCenter.m */; };
		B923731E1E7A3454004A8BC9 /* NetworkManager.m in Sources */ = {isa = PBXBuildFile; fileRef = B923731D1E7A3454004A8BC9 /* NetworkManager.m */; };
		B95A88E51E7A73B7001DF715 /* JCAlertController.m in Sources */ = {isa = PBXBuildFile; fileRef = B95A88E41E7A73B7001DF715 /* JCAlertController.m */; };
		B961A06B1E7E714900BEC5A6 /* JCFullScreenActivityIndicatorView.m in Sources */ = {isa = PBXBuildFile; fileRef = B961A06A1E7E714900BEC5A6 /* JCFullScreenActivityIndicatorView.m */; };
		B975E82A1E794A3E00B83D92 /* main.m in Sources */ = {isa = PBXBuildFile; fileRef = B975E8291E794A3E00B83D92 /* main.m */; };
		B975E82D1E794A3E00B83D92 /* AppDelegate.m in Sources */ = {isa = PBXBuildFile; fileRef = B975E82C1E794A3E00B83D92 /* AppDelegate.m */; };
		B975E8331E794A3E00B83D92 /* Main.storyboard in Resources */ = {isa = PBXBuildFile; fileRef = B975E8311E794A3E00B83D92 /* Main.storyboard */; };
		B975E8351E794A3E00B83D92 /* Assets.xcassets in Resources */ = {isa = PBXBuildFile; fileRef = B975E8341E794A3E00B83D92 /* Assets.xcassets */; };
		B975E8381E794A3E00B83D92 /* LaunchScreen.storyboard in Resources */ = {isa = PBXBuildFile; fileRef = B975E8361E794A3E00B83D92 /* LaunchScreen.storyboard */; };
		B975E8411E79542B00B83D92 /* MainViewController.m in Sources */ = {isa = PBXBuildFile; fileRef = B975E8401E79542B00B83D92 /* MainViewController.m */; };
		B975E8441E79543300B83D92 /* DetailViewController.m in Sources */ = {isa = PBXBuildFile; fileRef = B975E8431E79543300B83D92 /* DetailViewController.m */; };
		B975E8471E79543E00B83D92 /* PostingViewController.m in Sources */ = {isa = PBXBuildFile; fileRef = B975E8461E79543E00B83D92 /* PostingViewController.m */; };
		B975E84A1E795C1000B83D92 /* LoginViewController.m in Sources */ = {isa = PBXBuildFile; fileRef = B975E8491E795C1000B83D92 /* LoginViewController.m */; };
		B9C4C64F1E7A35BA00DC03E2 /* SignUpViewController.m in Sources */ = {isa = PBXBuildFile; fileRef = B9C4C64E1E7A35BA00DC03E2 /* SignUpViewController.m */; };
		B9D3ECA31E7BD41600986693 /* PostModel.m in Sources */ = {isa = PBXBuildFile; fileRef = B9D3ECA21E7BD41600986693 /* PostModel.m */; };
		B9ECB6B81E7E596700F5141B /* CustomTableViewCell.m in Sources */ = {isa = PBXBuildFile; fileRef = B9ECB6B61E7E596700F5141B /* CustomTableViewCell.m */; };
/* End PBXBuildFile section */

/* Begin PBXFileReference section */
		B92373191E7A2EDC004A8BC9 /* DataCenter.h */ = {isa = PBXFileReference; fileEncoding = 4; lastKnownFileType = sourcecode.c.h; path = DataCenter.h; sourceTree = "<group>"; };
		B923731A1E7A2EDC004A8BC9 /* DataCenter.m */ = {isa = PBXFileReference; fileEncoding = 4; lastKnownFileType = sourcecode.c.objc; path = DataCenter.m; sourceTree = "<group>"; };
		B923731C1E7A3454004A8BC9 /* NetworkManager.h */ = {isa = PBXFileReference; fileEncoding = 4; lastKnownFileType = sourcecode.c.h; path = NetworkManager.h; sourceTree = "<group>"; };
		B923731D1E7A3454004A8BC9 /* NetworkManager.m */ = {isa = PBXFileReference; fileEncoding = 4; lastKnownFileType = sourcecode.c.objc; path = NetworkManager.m; sourceTree = "<group>"; };
		B95A88E31E7A73B7001DF715 /* JCAlertController.h */ = {isa = PBXFileReference; fileEncoding = 4; lastKnownFileType = sourcecode.c.h; path = JCAlertController.h; sourceTree = "<group>"; };
		B95A88E41E7A73B7001DF715 /* JCAlertController.m */ = {isa = PBXFileReference; fileEncoding = 4; lastKnownFileType = sourcecode.c.objc; path = JCAlertController.m; sourceTree = "<group>"; };
		B961A0691E7E714900BEC5A6 /* JCFullScreenActivityIndicatorView.h */ = {isa = PBXFileReference; fileEncoding = 4; lastKnownFileType = sourcecode.c.h; path = JCFullScreenActivityIndicatorView.h; sourceTree = "<group>"; };
		B961A06A1E7E714900BEC5A6 /* JCFullScreenActivityIndicatorView.m */ = {isa = PBXFileReference; fileEncoding = 4; lastKnownFileType = sourcecode.c.objc; path = JCFullScreenActivityIndicatorView.m; sourceTree = "<group>"; };
		B975E8251E794A3E00B83D92 /* NetworkPrac.app */ = {isa = PBXFileReference; explicitFileType = wrapper.application; includeInIndex = 0; path = NetworkPrac.app; sourceTree = BUILT_PRODUCTS_DIR; };
		B975E8291E794A3E00B83D92 /* main.m */ = {isa = PBXFileReference; lastKnownFileType = sourcecode.c.objc; path = main.m; sourceTree = "<group>"; };
		B975E82B1E794A3E00B83D92 /* AppDelegate.h */ = {isa = PBXFileReference; lastKnownFileType = sourcecode.c.h; path = AppDelegate.h; sourceTree = "<group>"; };
		B975E82C1E794A3E00B83D92 /* AppDelegate.m */ = {isa = PBXFileReference; lastKnownFileType = sourcecode.c.objc; path = AppDelegate.m; sourceTree = "<group>"; };
		B975E8321E794A3E00B83D92 /* Base */ = {isa = PBXFileReference; lastKnownFileType = file.storyboard; name = Base; path = Base.lproj/Main.storyboard; sourceTree = "<group>"; };
		B975E8341E794A3E00B83D92 /* Assets.xcassets */ = {isa = PBXFileReference; lastKnownFileType = folder.assetcatalog; path = Assets.xcassets; sourceTree = "<group>"; };
		B975E8371E794A3E00B83D92 /* Base */ = {isa = PBXFileReference; lastKnownFileType = file.storyboard; name = Base; path = Base.lproj/LaunchScreen.storyboard; sourceTree = "<group>"; };
		B975E8391E794A3E00B83D92 /* Info.plist */ = {isa = PBXFileReference; lastKnownFileType = text.plist.xml; path = Info.plist; sourceTree = "<group>"; };
		B975E83F1E79542B00B83D92 /* MainViewController.h */ = {isa = PBXFileReference; fileEncoding = 4; lastKnownFileType = sourcecode.c.h; path = MainViewController.h; sourceTree = "<group>"; };
		B975E8401E79542B00B83D92 /* MainViewController.m */ = {isa = PBXFileReference; fileEncoding = 4; lastKnownFileType = sourcecode.c.objc; path = MainViewController.m; sourceTree = "<group>"; };
		B975E8421E79543300B83D92 /* DetailViewController.h */ = {isa = PBXFileReference; fileEncoding = 4; lastKnownFileType = sourcecode.c.h; path = DetailViewController.h; sourceTree = "<group>"; };
		B975E8431E79543300B83D92 /* DetailViewController.m */ = {isa = PBXFileReference; fileEncoding = 4; lastKnownFileType = sourcecode.c.objc; path = DetailViewController.m; sourceTree = "<group>"; };
		B975E8451E79543E00B83D92 /* PostingViewController.h */ = {isa = PBXFileReference; fileEncoding = 4; lastKnownFileType = sourcecode.c.h; path = PostingViewController.h; sourceTree = "<group>"; };
		B975E8461E79543E00B83D92 /* PostingViewController.m */ = {isa = PBXFileReference; fileEncoding = 4; lastKnownFileType = sourcecode.c.objc; path = PostingViewController.m; sourceTree = "<group>"; };
		B975E8481E795C1000B83D92 /* LoginViewController.h */ = {isa = PBXFileReference; fileEncoding = 4; lastKnownFileType = sourcecode.c.h; path = LoginViewController.h; sourceTree = "<group>"; };
		B975E8491E795C1000B83D92 /* LoginViewController.m */ = {isa = PBXFileReference; fileEncoding = 4; lastKnownFileType = sourcecode.c.objc; path = LoginViewController.m; sourceTree = "<group>"; };
		B9C4C64D1E7A35BA00DC03E2 /* SignUpViewController.h */ = {isa = PBXFileReference; fileEncoding = 4; lastKnownFileType = sourcecode.c.h; path = SignUpViewController.h; sourceTree = "<group>"; };
		B9C4C64E1E7A35BA00DC03E2 /* SignUpViewController.m */ = {isa = PBXFileReference; fileEncoding = 4; lastKnownFileType = sourcecode.c.objc; path = SignUpViewController.m; sourceTree = "<group>"; };
		B9D3ECA11E7BD41600986693 /* PostModel.h */ = {isa = PBXFileReference; fileEncoding = 4; lastKnownFileType = sourcecode.c.h; path = PostModel.h; sourceTree = "<group>"; };
		B9D3ECA21E7BD41600986693 /* PostModel.m */ = {isa = PBXFileReference; fileEncoding = 4; lastKnownFileType = sourcecode.c.objc; path = PostModel.m; sourceTree = "<group>"; };
		B9ECB6B61E7E596700F5141B /* CustomTableViewCell.m */ = {isa = PBXFileReference; fileEncoding = 4; lastKnownFileType = sourcecode.c.objc; path = CustomTableViewCell.m; sourceTree = "<group>"; };
		B9ECB6B71E7E596700F5141B /* CustomTableViewCell.h */ = {isa = PBXFileReference; fileEncoding = 4; lastKnownFileType = sourcecode.c.h; path = CustomTableViewCell.h; sourceTree = "<group>"; };
/* End PBXFileReference section */

/* Begin PBXFrameworksBuildPhase section */
		B975E8221E794A3D00B83D92 /* Frameworks */ = {
			isa = PBXFrameworksBuildPhase;
			buildActionMask = 2147483647;
			files = (
			);
			runOnlyForDeploymentPostprocessing = 0;
		};
/* End PBXFrameworksBuildPhase section */

/* Begin PBXGroup section */
		B975E81C1E794A3D00B83D92 = {
			isa = PBXGroup;
			children = (
				B975E8271E794A3E00B83D92 /* NetworkPrac */,
				B975E8261E794A3E00B83D92 /* Products */,
			);
			sourceTree = "<group>";
		};
		B975E8261E794A3E00B83D92 /* Products */ = {
			isa = PBXGroup;
			children = (
				B975E8251E794A3E00B83D92 /* NetworkPrac.app */,
			);
			name = Products;
			sourceTree = "<group>";
		};
		B975E8271E794A3E00B83D92 /* NetworkPrac */ = {
			isa = PBXGroup;
			children = (
				B975E82B1E794A3E00B83D92 /* AppDelegate.h */,
				B975E82C1E794A3E00B83D92 /* AppDelegate.m */,
				B9A2520C1E7AA60300E1073E /* Model */,
				B9A2520E1E7AA64200E1073E /* Posting ViewControllers */,
				B9A2520D1E7AA61400E1073E /* Account-Related ViewController */,
				B9944E441E7EE4CD00A4D06B /* Utilities */,
				B975E8311E794A3E00B83D92 /* Main.storyboard */,
				B975E8341E794A3E00B83D92 /* Assets.xcassets */,
				B975E8361E794A3E00B83D92 /* LaunchScreen.storyboard */,
				B975E8391E794A3E00B83D92 /* Info.plist */,
				B975E8281E794A3E00B83D92 /* Supporting Files */,
			);
			path = NetworkPrac;
			sourceTree = "<group>";
		};
		B975E8281E794A3E00B83D92 /* Supporting Files */ = {
			isa = PBXGroup;
			children = (
				B975E8291E794A3E00B83D92 /* main.m */,
			);
			name = "Supporting Files";
			sourceTree = "<group>";
		};
		B9944E441E7EE4CD00A4D06B /* Utilities */ = {
			isa = PBXGroup;
			children = (
				B95A88E31E7A73B7001DF715 /* JCAlertController.h */,
				B95A88E41E7A73B7001DF715 /* JCAlertController.m */,
				B961A0691E7E714900BEC5A6 /* JCFullScreenActivityIndicatorView.h */,
				B961A06A1E7E714900BEC5A6 /* JCFullScreenActivityIndicatorView.m */,
			);
			name = Utilities;
			sourceTree = "<group>";
		};
		B9A2520C1E7AA60300E1073E /* Model */ = {
			isa = PBXGroup;
			children = (
				B92373191E7A2EDC004A8BC9 /* DataCenter.h */,
				B923731A1E7A2EDC004A8BC9 /* DataCenter.m */,
				B9D3ECA11E7BD41600986693 /* PostModel.h */,
				B9D3ECA21E7BD41600986693 /* PostModel.m */,
				B923731C1E7A3454004A8BC9 /* NetworkManager.h */,
				B923731D1E7A3454004A8BC9 /* NetworkManager.m */,
			);
			name = Model;
			sourceTree = "<group>";
		};
		B9A2520D1E7AA61400E1073E /* Account-Related ViewController */ = {
			isa = PBXGroup;
			children = (
				B975E8481E795C1000B83D92 /* LoginViewController.h */,
				B975E8491E795C1000B83D92 /* LoginViewController.m */,
				B9C4C64D1E7A35BA00DC03E2 /* SignUpViewController.h */,
				B9C4C64E1E7A35BA00DC03E2 /* SignUpViewController.m */,
			);
			name = "Account-Related ViewController";
			sourceTree = "<group>";
		};
		B9A2520E1E7AA64200E1073E /* Posting ViewControllers */ = {
			isa = PBXGroup;
			children = (
				B975E83F1E79542B00B83D92 /* MainViewController.h */,
				B975E8401E79542B00B83D92 /* MainViewController.m */,
				B9ECB6B71E7E596700F5141B /* CustomTableViewCell.h */,
				B9ECB6B61E7E596700F5141B /* CustomTableViewCell.m */,
				B975E8421E79543300B83D92 /* DetailViewController.h */,
				B975E8431E79543300B83D92 /* DetailViewController.m */,
				B975E8451E79543E00B83D92 /* PostingViewController.h */,
				B975E8461E79543E00B83D92 /* PostingViewController.m */,
			);
			name = "Posting ViewControllers";
			sourceTree = "<group>";
		};
/* End PBXGroup section */

/* Begin PBXNativeTarget section */
		B975E8241E794A3D00B83D92 /* NetworkPrac */ = {
			isa = PBXNativeTarget;
			buildConfigurationList = B975E83C1E794A3E00B83D92 /* Build configuration list for PBXNativeTarget "NetworkPrac" */;
			buildPhases = (
				B975E8211E794A3D00B83D92 /* Sources */,
				B975E8221E794A3D00B83D92 /* Frameworks */,
				B975E8231E794A3D00B83D92 /* Resources */,
			);
			buildRules = (
			);
			dependencies = (
			);
			name = NetworkPrac;
			productName = NetworkPrac;
			productReference = B975E8251E794A3E00B83D92 /* NetworkPrac.app */;
			productType = "com.apple.product-type.application";
		};
/* End PBXNativeTarget section */

/* Begin PBXProject section */
		B975E81D1E794A3D00B83D92 /* Project object */ = {
			isa = PBXProject;
			attributes = {
				LastUpgradeCheck = 0820;
				ORGANIZATIONNAME = "Jongchan Park";
				TargetAttributes = {
					B975E8241E794A3D00B83D92 = {
						CreatedOnToolsVersion = 8.2.1;
						DevelopmentTeam = 8KDMCH8V2F;
						ProvisioningStyle = Automatic;
					};
				};
			};
			buildConfigurationList = B975E8201E794A3D00B83D92 /* Build configuration list for PBXProject "NetworkPrac" */;
			compatibilityVersion = "Xcode 3.2";
			developmentRegion = English;
			hasScannedForEncodings = 0;
			knownRegions = (
				en,
				Base,
			);
			mainGroup = B975E81C1E794A3D00B83D92;
			productRefGroup = B975E8261E794A3E00B83D92 /* Products */;
			projectDirPath = "";
			projectRoot = "";
			targets = (
				B975E8241E794A3D00B83D92 /* NetworkPrac */,
			);
		};
/* End PBXProject section */

/* Begin PBXResourcesBuildPhase section */
		B975E8231E794A3D00B83D92 /* Resources */ = {
			isa = PBXResourcesBuildPhase;
			buildActionMask = 2147483647;
			files = (
				B975E8381E794A3E00B83D92 /* LaunchScreen.storyboard in Resources */,
				B975E8351E794A3E00B83D92 /* Assets.xcassets in Resources */,
				B975E8331E794A3E00B83D92 /* Main.storyboard in Resources */,
			);
			runOnlyForDeploymentPostprocessing = 0;
		};
/* End PBXResourcesBuildPhase section */

/* Begin PBXSourcesBuildPhase section */
		B975E8211E794A3D00B83D92 /* Sources */ = {
			isa = PBXSourcesBuildPhase;
			buildActionMask = 2147483647;
			files = (
				B923731E1E7A3454004A8BC9 /* NetworkManager.m in Sources */,
				B975E82D1E794A3E00B83D92 /* AppDelegate.m in Sources */,
				B9ECB6B81E7E596700F5141B /* CustomTableViewCell.m in Sources */,
				B975E8411E79542B00B83D92 /* MainViewController.m in Sources */,
				B975E84A1E795C1000B83D92 /* LoginViewController.m in Sources */,
				B975E8471E79543E00B83D92 /* PostingViewController.m in Sources */,
				B95A88E51E7A73B7001DF715 /* JCAlertController.m in Sources */,
				B923731B1E7A2EDC004A8BC9 /* DataCenter.m in Sources */,
				B975E82A1E794A3E00B83D92 /* main.m in Sources */,
				B975E8441E79543300B83D92 /* DetailViewController.m in Sources */,
				B9C4C64F1E7A35BA00DC03E2 /* SignUpViewController.m in Sources */,
				B9D3ECA31E7BD41600986693 /* PostModel.m in Sources */,
				B961A06B1E7E714900BEC5A6 /* JCFullScreenActivityIndicatorView.m in Sources */,
			);
			runOnlyForDeploymentPostprocessing = 0;
		};
/* End PBXSourcesBuildPhase section */

/* Begin PBXVariantGroup section */
		B975E8311E794A3E00B83D92 /* Main.storyboard */ = {
			isa = PBXVariantGroup;
			children = (
				B975E8321E794A3E00B83D92 /* Base */,
			);
			name = Main.storyboard;
			sourceTree = "<group>";
		};
		B975E8361E794A3E00B83D92 /* LaunchScreen.storyboard */ = {
			isa = PBXVariantGroup;
			children = (
				B975E8371E794A3E00B83D92 /* Base */,
			);
			name = LaunchScreen.storyboard;
			sourceTree = "<group>";
		};
/* End PBXVariantGroup section */

/* Begin XCBuildConfiguration section */
		B975E83A1E794A3E00B83D92 /* Debug */ = {
			isa = XCBuildConfiguration;
			buildSettings = {
				ALWAYS_SEARCH_USER_PATHS = NO;
				CLANG_ANALYZER_NONNULL = YES;
				CLANG_CXX_LANGUAGE_STANDARD = "gnu++0x";
				CLANG_CXX_LIBRARY = "libc++";
				CLANG_ENABLE_MODULES = YES;
				CLANG_ENABLE_OBJC_ARC = YES;
				CLANG_WARN_BOOL_CONVERSION = YES;
				CLANG_WARN_CONSTANT_CONVERSION = YES;
				CLANG_WARN_DIRECT_OBJC_ISA_USAGE = YES_ERROR;
				CLANG_WARN_DOCUMENTATION_COMMENTS = YES;
				CLANG_WARN_EMPTY_BODY = YES;
				CLANG_WARN_ENUM_CONVERSION = YES;
				CLANG_WARN_INFINITE_RECURSION = YES;
				CLANG_WARN_INT_CONVERSION = YES;
				CLANG_WARN_OBJC_ROOT_CLASS = YES_ERROR;
				CLANG_WARN_SUSPICIOUS_MOVE = YES;
				CLANG_WARN_UNREACHABLE_CODE = YES;
				CLANG_WARN__DUPLICATE_METHOD_MATCH = YES;
				"CODE_SIGN_IDENTITY[sdk=iphoneos*]" = "iPhone Developer";
				COPY_PHASE_STRIP = NO;
				DEBUG_INFORMATION_FORMAT = dwarf;
				ENABLE_STRICT_OBJC_MSGSEND = YES;
				ENABLE_TESTABILITY = YES;
				GCC_C_LANGUAGE_STANDARD = gnu99;
				GCC_DYNAMIC_NO_PIC = NO;
				GCC_NO_COMMON_BLOCKS = YES;
				GCC_OPTIMIZATION_LEVEL = 0;
				GCC_PREPROCESSOR_DEFINITIONS = (
					"DEBUG=1",
					"$(inherited)",
				);
				GCC_WARN_64_TO_32_BIT_CONVERSION = YES;
				GCC_WARN_ABOUT_RETURN_TYPE = YES_ERROR;
				GCC_WARN_UNDECLARED_SELECTOR = YES;
				GCC_WARN_UNINITIALIZED_AUTOS = YES_AGGRESSIVE;
				GCC_WARN_UNUSED_FUNCTION = YES;
				GCC_WARN_UNUSED_VARIABLE = YES;
				IPHONEOS_DEPLOYMENT_TARGET = 10.2;
				MTL_ENABLE_DEBUG_INFO = YES;
				ONLY_ACTIVE_ARCH = YES;
				SDKROOT = iphoneos;
			};
			name = Debug;
		};
		B975E83B1E794A3E00B83D92 /* Release */ = {
			isa = XCBuildConfiguration;
			buildSettings = {
				ALWAYS_SEARCH_USER_PATHS = NO;
				CLANG_ANALYZER_NONNULL = YES;
				CLANG_CXX_LANGUAGE_STANDARD = "gnu++0x";
				CLANG_CXX_LIBRARY = "libc++";
				CLANG_ENABLE_MODULES = YES;
				CLANG_ENABLE_OBJC_ARC = YES;
				CLANG_WARN_BOOL_CONVERSION = YES;
				CLANG_WARN_CONSTANT_CONVERSION = YES;
				CLANG_WARN_DIRECT_OBJC_ISA_USAGE = YES_ERROR;
				CLANG_WARN_DOCUMENTATION_COMMENTS = YES;
				CLANG_WARN_EMPTY_BODY = YES;
				CLANG_WARN_ENUM_CONVERSION = YES;
				CLANG_WARN_INFINITE_RECURSION = YES;
				CLANG_WARN_INT_CONVERSION = YES;
				CLANG_WARN_OBJC_ROOT_CLASS = YES_ERROR;
				CLANG_WARN_SUSPICIOUS_MOVE = YES;
				CLANG_WARN_UNREACHABLE_CODE = YES;
				CLANG_WARN__DUPLICATE_METHOD_MATCH = YES;
				"CODE_SIGN_IDENTITY[sdk=iphoneos*]" = "iPhone Developer";
				COPY_PHASE_STRIP = NO;
				DEBUG_INFORMATION_FORMAT = "dwarf-with-dsym";
				ENABLE_NS_ASSERTIONS = NO;
				ENABLE_STRICT_OBJC_MSGSEND = YES;
				GCC_C_LANGUAGE_STANDARD = gnu99;
				GCC_NO_COMMON_BLOCKS = YES;
				GCC_WARN_64_TO_32_BIT_CONVERSION = YES;
				GCC_WARN_ABOUT_RETURN_TYPE = YES_ERROR;
				GCC_WARN_UNDECLARED_SELECTOR = YES;
				GCC_WARN_UNINITIALIZED_AUTOS = YES_AGGRESSIVE;
				GCC_WARN_UNUSED_FUNCTION = YES;
				GCC_WARN_UNUSED_VARIABLE = YES;
				IPHONEOS_DEPLOYMENT_TARGET = 10.2;
				MTL_ENABLE_DEBUG_INFO = NO;
				SDKROOT = iphoneos;
				VALIDATE_PRODUCT = YES;
			};
			name = Release;
		};
		B975E83D1E794A3E00B83D92 /* Debug */ = {
			isa = XCBuildConfiguration;
			buildSettings = {
				ASSETCATALOG_COMPILER_APPICON_NAME = AppIcon;
				DEVELOPMENT_TEAM = 8KDMCH8V2F;
				INFOPLIST_FILE = NetworkPrac/Info.plist;
				LD_RUNPATH_SEARCH_PATHS = "$(inherited) @executable_path/Frameworks";
				PRODUCT_BUNDLE_IDENTIFIER = jongchanpark.developed.NetworkPrac;
				PRODUCT_NAME = "$(TARGET_NAME)";
			};
			name = Debug;
		};
		B975E83E1E794A3E00B83D92 /* Release */ = {
			isa = XCBuildConfiguration;
			buildSettings = {
				ASSETCATALOG_COMPILER_APPICON_NAME = AppIcon;
				DEVELOPMENT_TEAM = 8KDMCH8V2F;
				INFOPLIST_FILE = NetworkPrac/Info.plist;
				LD_RUNPATH_SEARCH_PATHS = "$(inherited) @executable_path/Frameworks";
				PRODUCT_BUNDLE_IDENTIFIER = jongchanpark.developed.NetworkPrac;
				PRODUCT_NAME = "$(TARGET_NAME)";
			};
			name = Release;
		};
/* End XCBuildConfiguration section */

/* Begin XCConfigurationList section */
		B975E8201E794A3D00B83D92 /* Build configuration list for PBXProject "NetworkPrac" */ = {
			isa = XCConfigurationList;
			buildConfigurations = (
				B975E83A1E794A3E00B83D92 /* Debug */,
				B975E83B1E794A3E00B83D92 /* Release */,
			);
			defaultConfigurationIsVisible = 0;
			defaultConfigurationName = Release;
		};
		B975E83C1E794A3E00B83D92 /* Build configuration list for PBXNativeTarget "NetworkPrac" */ = {
			isa = XCConfigurationList;
			buildConfigurations = (
				B975E83D1E794A3E00B83D92 /* Debug */,
				B975E83E1E794A3E00B83D92 /* Release */,
			);
			defaultConfigurationIsVisible = 0;
			defaultConfigurationName = Release;
		};
/* End XCConfigurationList section */
	};
	rootObject = B975E81D1E794A3D00B83D92 /* Project object */;
}
