// !$*UTF8*$!
{
	archiveVersion = 1;
	classes = {
	};
	objectVersion = 46;
	objects = {

/* Begin PBXBuildFile section */
		B9505C331EA0D72B00DD32F8 /* main.m in Sources */ = {isa = PBXBuildFile; fileRef = B9505C321EA0D72B00DD32F8 /* main.m */; };
		B9505C361EA0D72B00DD32F8 /* AppDelegate.m in Sources */ = {isa = PBXBuildFile; fileRef = B9505C351EA0D72B00DD32F8 /* AppDelegate.m */; };
		B9505C391EA0D72B00DD32F8 /* ViewController.m in Sources */ = {isa = PBXBuildFile; fileRef = B9505C381EA0D72B00DD32F8 /* ViewController.m */; };
		B9505C3C1EA0D72B00DD32F8 /* Main.storyboard in Resources */ = {isa = PBXBuildFile; fileRef = B9505C3A1EA0D72B00DD32F8 /* Main.storyboard */; };
		B9505C3E1EA0D72B00DD32F8 /* Assets.xcassets in Resources */ = {isa = PBXBuildFile; fileRef = B9505C3D1EA0D72B00DD32F8 /* Assets.xcassets */; };
		B9505C411EA0D72B00DD32F8 /* LaunchScreen.storyboard in Resources */ = {isa = PBXBuildFile; fileRef = B9505C3F1EA0D72B00DD32F8 /* LaunchScreen.storyboard */; };
		B9533F171EA204770072E5E5 /* SBQuotationsViewController.m in Sources */ = {isa = PBXBuildFile; fileRef = B9533F131EA204770072E5E5 /* SBQuotationsViewController.m */; };
		B9533F181EA204770072E5E5 /* SBQuotationsViewController.storyboard in Resources */ = {isa = PBXBuildFile; fileRef = B9533F141EA204770072E5E5 /* SBQuotationsViewController.storyboard */; };
		B9533F191EA204770072E5E5 /* SBTextViewCell.m in Sources */ = {isa = PBXBuildFile; fileRef = B9533F161EA204770072E5E5 /* SBTextViewCell.m */; };
		B9774ACF1EA0DA4600E39030 /* TextViewCell.m in Sources */ = {isa = PBXBuildFile; fileRef = B9774ACE1EA0DA4600E39030 /* TextViewCell.m */; };
/* End PBXBuildFile section */

/* Begin PBXFileReference section */
		B9505C2E1EA0D72B00DD32F8 /* TextViewInTableViewPrac.app */ = {isa = PBXFileReference; explicitFileType = wrapper.application; includeInIndex = 0; path = TextViewInTableViewPrac.app; sourceTree = BUILT_PRODUCTS_DIR; };
		B9505C321EA0D72B00DD32F8 /* main.m */ = {isa = PBXFileReference; lastKnownFileType = sourcecode.c.objc; path = main.m; sourceTree = "<group>"; };
		B9505C341EA0D72B00DD32F8 /* AppDelegate.h */ = {isa = PBXFileReference; lastKnownFileType = sourcecode.c.h; path = AppDelegate.h; sourceTree = "<group>"; };
		B9505C351EA0D72B00DD32F8 /* AppDelegate.m */ = {isa = PBXFileReference; lastKnownFileType = sourcecode.c.objc; path = AppDelegate.m; sourceTree = "<group>"; };
		B9505C371EA0D72B00DD32F8 /* ViewController.h */ = {isa = PBXFileReference; lastKnownFileType = sourcecode.c.h; path = ViewController.h; sourceTree = "<group>"; };
		B9505C381EA0D72B00DD32F8 /* ViewController.m */ = {isa = PBXFileReference; lastKnownFileType = sourcecode.c.objc; path = ViewController.m; sourceTree = "<group>"; };
		B9505C3B1EA0D72B00DD32F8 /* Base */ = {isa = PBXFileReference; lastKnownFileType = file.storyboard; name = Base; path = Base.lproj/Main.storyboard; sourceTree = "<group>"; };
		B9505C3D1EA0D72B00DD32F8 /* Assets.xcassets */ = {isa = PBXFileReference; lastKnownFileType = folder.assetcatalog; path = Assets.xcassets; sourceTree = "<group>"; };
		B9505C401EA0D72B00DD32F8 /* Base */ = {isa = PBXFileReference; lastKnownFileType = file.storyboard; name = Base; path = Base.lproj/LaunchScreen.storyboard; sourceTree = "<group>"; };
		B9505C421EA0D72B00DD32F8 /* Info.plist */ = {isa = PBXFileReference; lastKnownFileType = text.plist.xml; path = Info.plist; sourceTree = "<group>"; };
		B9533F121EA204770072E5E5 /* SBQuotationsViewController.h */ = {isa = PBXFileReference; fileEncoding = 4; lastKnownFileType = sourcecode.c.h; path = SBQuotationsViewController.h; sourceTree = "<group>"; };
		B9533F131EA204770072E5E5 /* SBQuotationsViewController.m */ = {isa = PBXFileReference; fileEncoding = 4; lastKnownFileType = sourcecode.c.objc; path = SBQuotationsViewController.m; sourceTree = "<group>"; };
		B9533F141EA204770072E5E5 /* SBQuotationsViewController.storyboard */ = {isa = PBXFileReference; fileEncoding = 4; lastKnownFileType = file.storyboard; path = SBQuotationsViewController.storyboard; sourceTree = "<group>"; };
		B9533F151EA204770072E5E5 /* SBTextViewCell.h */ = {isa = PBXFileReference; fileEncoding = 4; lastKnownFileType = sourcecode.c.h; path = SBTextViewCell.h; sourceTree = "<group>"; };
		B9533F161EA204770072E5E5 /* SBTextViewCell.m */ = {isa = PBXFileReference; fileEncoding = 4; lastKnownFileType = sourcecode.c.objc; path = SBTextViewCell.m; sourceTree = "<group>"; };
		B9774ACD1EA0DA4600E39030 /* TextViewCell.h */ = {isa = PBXFileReference; fileEncoding = 4; lastKnownFileType = sourcecode.c.h; path = TextViewCell.h; sourceTree = "<group>"; };
		B9774ACE1EA0DA4600E39030 /* TextViewCell.m */ = {isa = PBXFileReference; fileEncoding = 4; lastKnownFileType = sourcecode.c.objc; path = TextViewCell.m; sourceTree = "<group>"; };
/* End PBXFileReference section */

/* Begin PBXFrameworksBuildPhase section */
		B9505C2B1EA0D72B00DD32F8 /* Frameworks */ = {
			isa = PBXFrameworksBuildPhase;
			buildActionMask = 2147483647;
			files = (
			);
			runOnlyForDeploymentPostprocessing = 0;
		};
/* End PBXFrameworksBuildPhase section */

/* Begin PBXGroup section */
		B9505C251EA0D72B00DD32F8 = {
			isa = PBXGroup;
			children = (
				B9505C301EA0D72B00DD32F8 /* TextViewInTableViewPrac */,
				B9505C2F1EA0D72B00DD32F8 /* Products */,
			);
			sourceTree = "<group>";
		};
		B9505C2F1EA0D72B00DD32F8 /* Products */ = {
			isa = PBXGroup;
			children = (
				B9505C2E1EA0D72B00DD32F8 /* TextViewInTableViewPrac.app */,
			);
			name = Products;
			sourceTree = "<group>";
		};
		B9505C301EA0D72B00DD32F8 /* TextViewInTableViewPrac */ = {
			isa = PBXGroup;
			children = (
				B9505C341EA0D72B00DD32F8 /* AppDelegate.h */,
				B9505C351EA0D72B00DD32F8 /* AppDelegate.m */,
				B9774ACD1EA0DA4600E39030 /* TextViewCell.h */,
				B9774ACE1EA0DA4600E39030 /* TextViewCell.m */,
				B9505C371EA0D72B00DD32F8 /* ViewController.h */,
				B9505C381EA0D72B00DD32F8 /* ViewController.m */,
				B9505C3A1EA0D72B00DD32F8 /* Main.storyboard */,
				B9533F121EA204770072E5E5 /* SBQuotationsViewController.h */,
				B9533F131EA204770072E5E5 /* SBQuotationsViewController.m */,
				B9533F141EA204770072E5E5 /* SBQuotationsViewController.storyboard */,
				B9533F151EA204770072E5E5 /* SBTextViewCell.h */,
				B9533F161EA204770072E5E5 /* SBTextViewCell.m */,
				B9505C3D1EA0D72B00DD32F8 /* Assets.xcassets */,
				B9505C3F1EA0D72B00DD32F8 /* LaunchScreen.storyboard */,
				B9505C421EA0D72B00DD32F8 /* Info.plist */,
				B9505C311EA0D72B00DD32F8 /* Supporting Files */,
			);
			path = TextViewInTableViewPrac;
			sourceTree = "<group>";
		};
		B9505C311EA0D72B00DD32F8 /* Supporting Files */ = {
			isa = PBXGroup;
			children = (
				B9505C321EA0D72B00DD32F8 /* main.m */,
			);
			name = "Supporting Files";
			sourceTree = "<group>";
		};
/* End PBXGroup section */

/* Begin PBXNativeTarget section */
		B9505C2D1EA0D72B00DD32F8 /* TextViewInTableViewPrac */ = {
			isa = PBXNativeTarget;
			buildConfigurationList = B9505C451EA0D72B00DD32F8 /* Build configuration list for PBXNativeTarget "TextViewInTableViewPrac" */;
			buildPhases = (
				B9505C2A1EA0D72B00DD32F8 /* Sources */,
				B9505C2B1EA0D72B00DD32F8 /* Frameworks */,
				B9505C2C1EA0D72B00DD32F8 /* Resources */,
			);
			buildRules = (
			);
			dependencies = (
			);
			name = TextViewInTableViewPrac;
			productName = TextViewInTableViewPrac;
			productReference = B9505C2E1EA0D72B00DD32F8 /* TextViewInTableViewPrac.app */;
			productType = "com.apple.product-type.application";
		};
/* End PBXNativeTarget section */

/* Begin PBXProject section */
		B9505C261EA0D72B00DD32F8 /* Project object */ = {
			isa = PBXProject;
			attributes = {
				LastUpgradeCheck = 0830;
				ORGANIZATIONNAME = "Jongchan Park";
				TargetAttributes = {
					B9505C2D1EA0D72B00DD32F8 = {
						CreatedOnToolsVersion = 8.3.1;
						DevelopmentTeam = 8KDMCH8V2F;
						ProvisioningStyle = Automatic;
					};
				};
			};
			buildConfigurationList = B9505C291EA0D72B00DD32F8 /* Build configuration list for PBXProject "TextViewInTableViewPrac" */;
			compatibilityVersion = "Xcode 3.2";
			developmentRegion = English;
			hasScannedForEncodings = 0;
			knownRegions = (
				en,
				Base,
			);
			mainGroup = B9505C251EA0D72B00DD32F8;
			productRefGroup = B9505C2F1EA0D72B00DD32F8 /* Products */;
			projectDirPath = "";
			projectRoot = "";
			targets = (
				B9505C2D1EA0D72B00DD32F8 /* TextViewInTableViewPrac */,
			);
		};
/* End PBXProject section */

/* Begin PBXResourcesBuildPhase section */
		B9505C2C1EA0D72B00DD32F8 /* Resources */ = {
			isa = PBXResourcesBuildPhase;
			buildActionMask = 2147483647;
			files = (
				B9505C411EA0D72B00DD32F8 /* LaunchScreen.storyboard in Resources */,
				B9505C3E1EA0D72B00DD32F8 /* Assets.xcassets in Resources */,
				B9505C3C1EA0D72B00DD32F8 /* Main.storyboard in Resources */,
				B9533F181EA204770072E5E5 /* SBQuotationsViewController.storyboard in Resources */,
			);
			runOnlyForDeploymentPostprocessing = 0;
		};
/* End PBXResourcesBuildPhase section */

/* Begin PBXSourcesBuildPhase section */
		B9505C2A1EA0D72B00DD32F8 /* Sources */ = {
			isa = PBXSourcesBuildPhase;
			buildActionMask = 2147483647;
			files = (
				B9505C391EA0D72B00DD32F8 /* ViewController.m in Sources */,
				B9533F171EA204770072E5E5 /* SBQuotationsViewController.m in Sources */,
				B9533F191EA204770072E5E5 /* SBTextViewCell.m in Sources */,
				B9774ACF1EA0DA4600E39030 /* TextViewCell.m in Sources */,
				B9505C361EA0D72B00DD32F8 /* AppDelegate.m in Sources */,
				B9505C331EA0D72B00DD32F8 /* main.m in Sources */,
			);
			runOnlyForDeploymentPostprocessing = 0;
		};
/* End PBXSourcesBuildPhase section */

/* Begin PBXVariantGroup section */
		B9505C3A1EA0D72B00DD32F8 /* Main.storyboard */ = {
			isa = PBXVariantGroup;
			children = (
				B9505C3B1EA0D72B00DD32F8 /* Base */,
			);
			name = Main.storyboard;
			sourceTree = "<group>";
		};
		B9505C3F1EA0D72B00DD32F8 /* LaunchScreen.storyboard */ = {
			isa = PBXVariantGroup;
			children = (
				B9505C401EA0D72B00DD32F8 /* Base */,
			);
			name = LaunchScreen.storyboard;
			sourceTree = "<group>";
		};
/* End PBXVariantGroup section */

/* Begin XCBuildConfiguration section */
		B9505C431EA0D72B00DD32F8 /* Debug */ = {
			isa = XCBuildConfiguration;
			buildSettings = {
				ALWAYS_SEARCH_USER_PATHS = NO;
				CLANG_ANALYZER_NONNULL = YES;
				CLANG_ANALYZER_NUMBER_OBJECT_CONVERSION = YES_AGGRESSIVE;
				CLANG_CXX_LANGUAGE_STANDARD = "gnu++0x";
				CLANG_CXX_LIBRARY = "libc++";
				CLANG_ENABLE_MODULES = YES;
				CLANG_ENABLE_OBJC_ARC = YES;
				CLANG_WARN_BOOL_CONVERSION = YES;
				CLANG_WARN_CONSTANT_CONVERSION = YES;
				CLANG_WARN_DIRECT_OBJC_ISA_USAGE = YES_ERROR;
				CLANG_WARN_DOCUMENTATION_COMMENTS = YES;
				CLANG_WARN_EMPTY_BODY = YES;
				CLANG_WARN_ENUM_CONVERSION = YES;
				CLANG_WARN_INFINITE_RECURSION = YES;
				CLANG_WARN_INT_CONVERSION = YES;
				CLANG_WARN_OBJC_ROOT_CLASS = YES_ERROR;
				CLANG_WARN_SUSPICIOUS_MOVE = YES;
				CLANG_WARN_UNREACHABLE_CODE = YES;
				CLANG_WARN__DUPLICATE_METHOD_MATCH = YES;
				"CODE_SIGN_IDENTITY[sdk=iphoneos*]" = "iPhone Developer";
				COPY_PHASE_STRIP = NO;
				DEBUG_INFORMATION_FORMAT = dwarf;
				ENABLE_STRICT_OBJC_MSGSEND = YES;
				ENABLE_TESTABILITY = YES;
				GCC_C_LANGUAGE_STANDARD = gnu99;
				GCC_DYNAMIC_NO_PIC = NO;
				GCC_NO_COMMON_BLOCKS = YES;
				GCC_OPTIMIZATION_LEVEL = 0;
				GCC_PREPROCESSOR_DEFINITIONS = (
					"DEBUG=1",
					"$(inherited)",
				);
				GCC_WARN_64_TO_32_BIT_CONVERSION = YES;
				GCC_WARN_ABOUT_RETURN_TYPE = YES_ERROR;
				GCC_WARN_UNDECLARED_SELECTOR = YES;
				GCC_WARN_UNINITIALIZED_AUTOS = YES_AGGRESSIVE;
				GCC_WARN_UNUSED_FUNCTION = YES;
				GCC_WARN_UNUSED_VARIABLE = YES;
				IPHONEOS_DEPLOYMENT_TARGET = 10.3;
				MTL_ENABLE_DEBUG_INFO = YES;
				ONLY_ACTIVE_ARCH = YES;
				SDKROOT = iphoneos;
			};
			name = Debug;
		};
		B9505C441EA0D72B00DD32F8 /* Release */ = {
			isa = XCBuildConfiguration;
			buildSettings = {
				ALWAYS_SEARCH_USER_PATHS = NO;
				CLANG_ANALYZER_NONNULL = YES;
				CLANG_ANALYZER_NUMBER_OBJECT_CONVERSION = YES_AGGRESSIVE;
				CLANG_CXX_LANGUAGE_STANDARD = "gnu++0x";
				CLANG_CXX_LIBRARY = "libc++";
				CLANG_ENABLE_MODULES = YES;
				CLANG_ENABLE_OBJC_ARC = YES;
				CLANG_WARN_BOOL_CONVERSION = YES;
				CLANG_WARN_CONSTANT_CONVERSION = YES;
				CLANG_WARN_DIRECT_OBJC_ISA_USAGE = YES_ERROR;
				CLANG_WARN_DOCUMENTATION_COMMENTS = YES;
				CLANG_WARN_EMPTY_BODY = YES;
				CLANG_WARN_ENUM_CONVERSION = YES;
				CLANG_WARN_INFINITE_RECURSION = YES;
				CLANG_WARN_INT_CONVERSION = YES;
				CLANG_WARN_OBJC_ROOT_CLASS = YES_ERROR;
				CLANG_WARN_SUSPICIOUS_MOVE = YES;
				CLANG_WARN_UNREACHABLE_CODE = YES;
				CLANG_WARN__DUPLICATE_METHOD_MATCH = YES;
				"CODE_SIGN_IDENTITY[sdk=iphoneos*]" = "iPhone Developer";
				COPY_PHASE_STRIP = NO;
				DEBUG_INFORMATION_FORMAT = "dwarf-with-dsym";
				ENABLE_NS_ASSERTIONS = NO;
				ENABLE_STRICT_OBJC_MSGSEND = YES;
				GCC_C_LANGUAGE_STANDARD = gnu99;
				GCC_NO_COMMON_BLOCKS = YES;
				GCC_WARN_64_TO_32_BIT_CONVERSION = YES;
				GCC_WARN_ABOUT_RETURN_TYPE = YES_ERROR;
				GCC_WARN_UNDECLARED_SELECTOR = YES;
				GCC_WARN_UNINITIALIZED_AUTOS = YES_AGGRESSIVE;
				GCC_WARN_UNUSED_FUNCTION = YES;
				GCC_WARN_UNUSED_VARIABLE = YES;
				IPHONEOS_DEPLOYMENT_TARGET = 10.3;
				MTL_ENABLE_DEBUG_INFO = NO;
				SDKROOT = iphoneos;
				VALIDATE_PRODUCT = YES;
			};
			name = Release;
		};
		B9505C461EA0D72B00DD32F8 /* Debug */ = {
			isa = XCBuildConfiguration;
			buildSettings = {
				ASSETCATALOG_COMPILER_APPICON_NAME = AppIcon;
				DEVELOPMENT_TEAM = 8KDMCH8V2F;
				INFOPLIST_FILE = TextViewInTableViewPrac/Info.plist;
				LD_RUNPATH_SEARCH_PATHS = "$(inherited) @executable_path/Frameworks";
				PRODUCT_BUNDLE_IDENTIFIER = jongchanpark.developed.TextViewInTableViewPrac;
				PRODUCT_NAME = "$(TARGET_NAME)";
			};
			name = Debug;
		};
		B9505C471EA0D72B00DD32F8 /* Release */ = {
			isa = XCBuildConfiguration;
			buildSettings = {
				ASSETCATALOG_COMPILER_APPICON_NAME = AppIcon;
				DEVELOPMENT_TEAM = 8KDMCH8V2F;
				INFOPLIST_FILE = TextViewInTableViewPrac/Info.plist;
				LD_RUNPATH_SEARCH_PATHS = "$(inherited) @executable_path/Frameworks";
				PRODUCT_BUNDLE_IDENTIFIER = jongchanpark.developed.TextViewInTableViewPrac;
				PRODUCT_NAME = "$(TARGET_NAME)";
			};
			name = Release;
		};
/* End XCBuildConfiguration section */

/* Begin XCConfigurationList section */
		B9505C291EA0D72B00DD32F8 /* Build configuration list for PBXProject "TextViewInTableViewPrac" */ = {
			isa = XCConfigurationList;
			buildConfigurations = (
				B9505C431EA0D72B00DD32F8 /* Debug */,
				B9505C441EA0D72B00DD32F8 /* Release */,
			);
			defaultConfigurationIsVisible = 0;
			defaultConfigurationName = Release;
		};
		B9505C451EA0D72B00DD32F8 /* Build configuration list for PBXNativeTarget "TextViewInTableViewPrac" */ = {
			isa = XCConfigurationList;
			buildConfigurations = (
				B9505C461EA0D72B00DD32F8 /* Debug */,
				B9505C471EA0D72B00DD32F8 /* Release */,
			);
			defaultConfigurationIsVisible = 0;
			defaultConfigurationName = Release;
		};
/* End XCConfigurationList section */
	};
	rootObject = B9505C261EA0D72B00DD32F8 /* Project object */;
}
