// !$*UTF8*$!
{
	archiveVersion = 1;
	classes = {
	};
	objectVersion = 46;
	objects = {

/* Begin PBXBuildFile section */
		B9CCEBEE1E690A0B005B43BB /* main.m in Sources */ = {isa = PBXBuildFile; fileRef = B9CCEBED1E690A0B005B43BB /* main.m */; };
		B9CCEBF11E690A0B005B43BB /* AppDelegate.m in Sources */ = {isa = PBXBuildFile; fileRef = B9CCEBF01E690A0B005B43BB /* AppDelegate.m */; };
		B9CCEBF41E690A0B005B43BB /* ViewController.m in Sources */ = {isa = PBXBuildFile; fileRef = B9CCEBF31E690A0B005B43BB /* ViewController.m */; };
		B9CCEBF71E690A0B005B43BB /* Main.storyboard in Resources */ = {isa = PBXBuildFile; fileRef = B9CCEBF51E690A0B005B43BB /* Main.storyboard */; };
		B9CCEBF91E690A0B005B43BB /* Assets.xcassets in Resources */ = {isa = PBXBuildFile; fileRef = B9CCEBF81E690A0B005B43BB /* Assets.xcassets */; };
		B9CCEBFC1E690A0B005B43BB /* LaunchScreen.storyboard in Resources */ = {isa = PBXBuildFile; fileRef = B9CCEBFA1E690A0B005B43BB /* LaunchScreen.storyboard */; };
		B9CCEC041E690B62005B43BB /* CalculationLog.plist in Resources */ = {isa = PBXBuildFile; fileRef = B9CCEC031E690B62005B43BB /* CalculationLog.plist */; };
		B9CCEC061E690B9A005B43BB /* Sample.plist in Resources */ = {isa = PBXBuildFile; fileRef = B9CCEC051E690B9A005B43BB /* Sample.plist */; };
		B9CCEC091E691BEB005B43BB /* CalcButton.m in Sources */ = {isa = PBXBuildFile; fileRef = B9CCEC081E691BEB005B43BB /* CalcButton.m */; };
/* End PBXBuildFile section */

/* Begin PBXFileReference section */
		B9CCEBE91E690A0B005B43BB /* CalcCopy.app */ = {isa = PBXFileReference; explicitFileType = wrapper.application; includeInIndex = 0; path = CalcCopy.app; sourceTree = BUILT_PRODUCTS_DIR; };
		B9CCEBED1E690A0B005B43BB /* main.m */ = {isa = PBXFileReference; lastKnownFileType = sourcecode.c.objc; path = main.m; sourceTree = "<group>"; };
		B9CCEBEF1E690A0B005B43BB /* AppDelegate.h */ = {isa = PBXFileReference; lastKnownFileType = sourcecode.c.h; path = AppDelegate.h; sourceTree = "<group>"; };
		B9CCEBF01E690A0B005B43BB /* AppDelegate.m */ = {isa = PBXFileReference; lastKnownFileType = sourcecode.c.objc; path = AppDelegate.m; sourceTree = "<group>"; };
		B9CCEBF21E690A0B005B43BB /* ViewController.h */ = {isa = PBXFileReference; lastKnownFileType = sourcecode.c.h; path = ViewController.h; sourceTree = "<group>"; };
		B9CCEBF31E690A0B005B43BB /* ViewController.m */ = {isa = PBXFileReference; lastKnownFileType = sourcecode.c.objc; path = ViewController.m; sourceTree = "<group>"; };
		B9CCEBF61E690A0B005B43BB /* Base */ = {isa = PBXFileReference; lastKnownFileType = file.storyboard; name = Base; path = Base.lproj/Main.storyboard; sourceTree = "<group>"; };
		B9CCEBF81E690A0B005B43BB /* Assets.xcassets */ = {isa = PBXFileReference; lastKnownFileType = folder.assetcatalog; path = Assets.xcassets; sourceTree = "<group>"; };
		B9CCEBFB1E690A0B005B43BB /* Base */ = {isa = PBXFileReference; lastKnownFileType = file.storyboard; name = Base; path = Base.lproj/LaunchScreen.storyboard; sourceTree = "<group>"; };
		B9CCEBFD1E690A0B005B43BB /* Info.plist */ = {isa = PBXFileReference; lastKnownFileType = text.plist.xml; path = Info.plist; sourceTree = "<group>"; };
		B9CCEC031E690B62005B43BB /* CalculationLog.plist */ = {isa = PBXFileReference; fileEncoding = 4; lastKnownFileType = text.plist.xml; path = CalculationLog.plist; sourceTree = "<group>"; };
		B9CCEC051E690B9A005B43BB /* Sample.plist */ = {isa = PBXFileReference; fileEncoding = 4; lastKnownFileType = text.plist.xml; path = Sample.plist; sourceTree = "<group>"; };
		B9CCEC071E691BEB005B43BB /* CalcButton.h */ = {isa = PBXFileReference; fileEncoding = 4; lastKnownFileType = sourcecode.c.h; path = CalcButton.h; sourceTree = "<group>"; };
		B9CCEC081E691BEB005B43BB /* CalcButton.m */ = {isa = PBXFileReference; fileEncoding = 4; lastKnownFileType = sourcecode.c.objc; path = CalcButton.m; sourceTree = "<group>"; };
/* End PBXFileReference section */

/* Begin PBXFrameworksBuildPhase section */
		B9CCEBE61E690A0A005B43BB /* Frameworks */ = {
			isa = PBXFrameworksBuildPhase;
			buildActionMask = 2147483647;
			files = (
			);
			runOnlyForDeploymentPostprocessing = 0;
		};
/* End PBXFrameworksBuildPhase section */

/* Begin PBXGroup section */
		B9CCEBE01E690A0A005B43BB = {
			isa = PBXGroup;
			children = (
				B9CCEBEB1E690A0B005B43BB /* CalcCopy */,
				B9CCEBEA1E690A0B005B43BB /* Products */,
			);
			sourceTree = "<group>";
		};
		B9CCEBEA1E690A0B005B43BB /* Products */ = {
			isa = PBXGroup;
			children = (
				B9CCEBE91E690A0B005B43BB /* CalcCopy.app */,
			);
			name = Products;
			sourceTree = "<group>";
		};
		B9CCEBEB1E690A0B005B43BB /* CalcCopy */ = {
			isa = PBXGroup;
			children = (
				B9CCEBEF1E690A0B005B43BB /* AppDelegate.h */,
				B9CCEBF01E690A0B005B43BB /* AppDelegate.m */,
				B9CCEC031E690B62005B43BB /* CalculationLog.plist */,
				B9CCEC051E690B9A005B43BB /* Sample.plist */,
				B9CCEBF21E690A0B005B43BB /* ViewController.h */,
				B9CCEBF31E690A0B005B43BB /* ViewController.m */,
				B9CCEC071E691BEB005B43BB /* CalcButton.h */,
				B9CCEC081E691BEB005B43BB /* CalcButton.m */,
				B9CCEBF51E690A0B005B43BB /* Main.storyboard */,
				B9CCEBF81E690A0B005B43BB /* Assets.xcassets */,
				B9CCEBFA1E690A0B005B43BB /* LaunchScreen.storyboard */,
				B9CCEBFD1E690A0B005B43BB /* Info.plist */,
				B9CCEBEC1E690A0B005B43BB /* Supporting Files */,
			);
			path = CalcCopy;
			sourceTree = "<group>";
		};
		B9CCEBEC1E690A0B005B43BB /* Supporting Files */ = {
			isa = PBXGroup;
			children = (
				B9CCEBED1E690A0B005B43BB /* main.m */,
			);
			name = "Supporting Files";
			sourceTree = "<group>";
		};
/* End PBXGroup section */

/* Begin PBXNativeTarget section */
		B9CCEBE81E690A0A005B43BB /* CalcCopy */ = {
			isa = PBXNativeTarget;
			buildConfigurationList = B9CCEC001E690A0B005B43BB /* Build configuration list for PBXNativeTarget "CalcCopy" */;
			buildPhases = (
				B9CCEBE51E690A0A005B43BB /* Sources */,
				B9CCEBE61E690A0A005B43BB /* Frameworks */,
				B9CCEBE71E690A0A005B43BB /* Resources */,
			);
			buildRules = (
			);
			dependencies = (
			);
			name = CalcCopy;
			productName = CalcCopy;
			productReference = B9CCEBE91E690A0B005B43BB /* CalcCopy.app */;
			productType = "com.apple.product-type.application";
		};
/* End PBXNativeTarget section */

/* Begin PBXProject section */
		B9CCEBE11E690A0A005B43BB /* Project object */ = {
			isa = PBXProject;
			attributes = {
				LastUpgradeCheck = 0820;
				ORGANIZATIONNAME = "Jongchan Park";
				TargetAttributes = {
					B9CCEBE81E690A0A005B43BB = {
						CreatedOnToolsVersion = 8.2.1;
						DevelopmentTeam = 8KDMCH8V2F;
						ProvisioningStyle = Automatic;
					};
				};
			};
			buildConfigurationList = B9CCEBE41E690A0A005B43BB /* Build configuration list for PBXProject "CalcCopy" */;
			compatibilityVersion = "Xcode 3.2";
			developmentRegion = English;
			hasScannedForEncodings = 0;
			knownRegions = (
				en,
				Base,
			);
			mainGroup = B9CCEBE01E690A0A005B43BB;
			productRefGroup = B9CCEBEA1E690A0B005B43BB /* Products */;
			projectDirPath = "";
			projectRoot = "";
			targets = (
				B9CCEBE81E690A0A005B43BB /* CalcCopy */,
			);
		};
/* End PBXProject section */

/* Begin PBXResourcesBuildPhase section */
		B9CCEBE71E690A0A005B43BB /* Resources */ = {
			isa = PBXResourcesBuildPhase;
			buildActionMask = 2147483647;
			files = (
				B9CCEBFC1E690A0B005B43BB /* LaunchScreen.storyboard in Resources */,
				B9CCEC061E690B9A005B43BB /* Sample.plist in Resources */,
				B9CCEBF91E690A0B005B43BB /* Assets.xcassets in Resources */,
				B9CCEBF71E690A0B005B43BB /* Main.storyboard in Resources */,
				B9CCEC041E690B62005B43BB /* CalculationLog.plist in Resources */,
			);
			runOnlyForDeploymentPostprocessing = 0;
		};
/* End PBXResourcesBuildPhase section */

/* Begin PBXSourcesBuildPhase section */
		B9CCEBE51E690A0A005B43BB /* Sources */ = {
			isa = PBXSourcesBuildPhase;
			buildActionMask = 2147483647;
			files = (
				B9CCEBF41E690A0B005B43BB /* ViewController.m in Sources */,
				B9CCEBF11E690A0B005B43BB /* AppDelegate.m in Sources */,
				B9CCEC091E691BEB005B43BB /* CalcButton.m in Sources */,
				B9CCEBEE1E690A0B005B43BB /* main.m in Sources */,
			);
			runOnlyForDeploymentPostprocessing = 0;
		};
/* End PBXSourcesBuildPhase section */

/* Begin PBXVariantGroup section */
		B9CCEBF51E690A0B005B43BB /* Main.storyboard */ = {
			isa = PBXVariantGroup;
			children = (
				B9CCEBF61E690A0B005B43BB /* Base */,
			);
			name = Main.storyboard;
			sourceTree = "<group>";
		};
		B9CCEBFA1E690A0B005B43BB /* LaunchScreen.storyboard */ = {
			isa = PBXVariantGroup;
			children = (
				B9CCEBFB1E690A0B005B43BB /* Base */,
			);
			name = LaunchScreen.storyboard;
			sourceTree = "<group>";
		};
/* End PBXVariantGroup section */

/* Begin XCBuildConfiguration section */
		B9CCEBFE1E690A0B005B43BB /* Debug */ = {
			isa = XCBuildConfiguration;
			buildSettings = {
				ALWAYS_SEARCH_USER_PATHS = NO;
				CLANG_ANALYZER_NONNULL = YES;
				CLANG_CXX_LANGUAGE_STANDARD = "gnu++0x";
				CLANG_CXX_LIBRARY = "libc++";
				CLANG_ENABLE_MODULES = YES;
				CLANG_ENABLE_OBJC_ARC = YES;
				CLANG_WARN_BOOL_CONVERSION = YES;
				CLANG_WARN_CONSTANT_CONVERSION = YES;
				CLANG_WARN_DIRECT_OBJC_ISA_USAGE = YES_ERROR;
				CLANG_WARN_DOCUMENTATION_COMMENTS = YES;
				CLANG_WARN_EMPTY_BODY = YES;
				CLANG_WARN_ENUM_CONVERSION = YES;
				CLANG_WARN_INFINITE_RECURSION = YES;
				CLANG_WARN_INT_CONVERSION = YES;
				CLANG_WARN_OBJC_ROOT_CLASS = YES_ERROR;
				CLANG_WARN_SUSPICIOUS_MOVE = YES;
				CLANG_WARN_UNREACHABLE_CODE = YES;
				CLANG_WARN__DUPLICATE_METHOD_MATCH = YES;
				"CODE_SIGN_IDENTITY[sdk=iphoneos*]" = "iPhone Developer";
				COPY_PHASE_STRIP = NO;
				DEBUG_INFORMATION_FORMAT = dwarf;
				ENABLE_STRICT_OBJC_MSGSEND = YES;
				ENABLE_TESTABILITY = YES;
				GCC_C_LANGUAGE_STANDARD = gnu99;
				GCC_DYNAMIC_NO_PIC = NO;
				GCC_NO_COMMON_BLOCKS = YES;
				GCC_OPTIMIZATION_LEVEL = 0;
				GCC_PREPROCESSOR_DEFINITIONS = (
					"DEBUG=1",
					"$(inherited)",
				);
				GCC_WARN_64_TO_32_BIT_CONVERSION = YES;
				GCC_WARN_ABOUT_RETURN_TYPE = YES_ERROR;
				GCC_WARN_UNDECLARED_SELECTOR = YES;
				GCC_WARN_UNINITIALIZED_AUTOS = YES_AGGRESSIVE;
				GCC_WARN_UNUSED_FUNCTION = YES;
				GCC_WARN_UNUSED_VARIABLE = YES;
				IPHONEOS_DEPLOYMENT_TARGET = 10.2;
				MTL_ENABLE_DEBUG_INFO = YES;
				ONLY_ACTIVE_ARCH = YES;
				SDKROOT = iphoneos;
			};
			name = Debug;
		};
		B9CCEBFF1E690A0B005B43BB /* Release */ = {
			isa = XCBuildConfiguration;
			buildSettings = {
				ALWAYS_SEARCH_USER_PATHS = NO;
				CLANG_ANALYZER_NONNULL = YES;
				CLANG_CXX_LANGUAGE_STANDARD = "gnu++0x";
				CLANG_CXX_LIBRARY = "libc++";
				CLANG_ENABLE_MODULES = YES;
				CLANG_ENABLE_OBJC_ARC = YES;
				CLANG_WARN_BOOL_CONVERSION = YES;
				CLANG_WARN_CONSTANT_CONVERSION = YES;
				CLANG_WARN_DIRECT_OBJC_ISA_USAGE = YES_ERROR;
				CLANG_WARN_DOCUMENTATION_COMMENTS = YES;
				CLANG_WARN_EMPTY_BODY = YES;
				CLANG_WARN_ENUM_CONVERSION = YES;
				CLANG_WARN_INFINITE_RECURSION = YES;
				CLANG_WARN_INT_CONVERSION = YES;
				CLANG_WARN_OBJC_ROOT_CLASS = YES_ERROR;
				CLANG_WARN_SUSPICIOUS_MOVE = YES;
				CLANG_WARN_UNREACHABLE_CODE = YES;
				CLANG_WARN__DUPLICATE_METHOD_MATCH = YES;
				"CODE_SIGN_IDENTITY[sdk=iphoneos*]" = "iPhone Developer";
				COPY_PHASE_STRIP = NO;
				DEBUG_INFORMATION_FORMAT = "dwarf-with-dsym";
				ENABLE_NS_ASSERTIONS = NO;
				ENABLE_STRICT_OBJC_MSGSEND = YES;
				GCC_C_LANGUAGE_STANDARD = gnu99;
				GCC_NO_COMMON_BLOCKS = YES;
				GCC_WARN_64_TO_32_BIT_CONVERSION = YES;
				GCC_WARN_ABOUT_RETURN_TYPE = YES_ERROR;
				GCC_WARN_UNDECLARED_SELECTOR = YES;
				GCC_WARN_UNINITIALIZED_AUTOS = YES_AGGRESSIVE;
				GCC_WARN_UNUSED_FUNCTION = YES;
				GCC_WARN_UNUSED_VARIABLE = YES;
				IPHONEOS_DEPLOYMENT_TARGET = 10.2;
				MTL_ENABLE_DEBUG_INFO = NO;
				SDKROOT = iphoneos;
				VALIDATE_PRODUCT = YES;
			};
			name = Release;
		};
		B9CCEC011E690A0B005B43BB /* Debug */ = {
			isa = XCBuildConfiguration;
			buildSettings = {
				ASSETCATALOG_COMPILER_APPICON_NAME = AppIcon;
				DEVELOPMENT_TEAM = 8KDMCH8V2F;
				INFOPLIST_FILE = CalcCopy/Info.plist;
				LD_RUNPATH_SEARCH_PATHS = "$(inherited) @executable_path/Frameworks";
				PRODUCT_BUNDLE_IDENTIFIER = jongchanPark.presented.CalcCopy;
				PRODUCT_NAME = "$(TARGET_NAME)";
			};
			name = Debug;
		};
		B9CCEC021E690A0B005B43BB /* Release */ = {
			isa = XCBuildConfiguration;
			buildSettings = {
				ASSETCATALOG_COMPILER_APPICON_NAME = AppIcon;
				DEVELOPMENT_TEAM = 8KDMCH8V2F;
				INFOPLIST_FILE = CalcCopy/Info.plist;
				LD_RUNPATH_SEARCH_PATHS = "$(inherited) @executable_path/Frameworks";
				PRODUCT_BUNDLE_IDENTIFIER = jongchanPark.presented.CalcCopy;
				PRODUCT_NAME = "$(TARGET_NAME)";
			};
			name = Release;
		};
/* End XCBuildConfiguration section */

/* Begin XCConfigurationList section */
		B9CCEBE41E690A0A005B43BB /* Build configuration list for PBXProject "CalcCopy" */ = {
			isa = XCConfigurationList;
			buildConfigurations = (
				B9CCEBFE1E690A0B005B43BB /* Debug */,
				B9CCEBFF1E690A0B005B43BB /* Release */,
			);
			defaultConfigurationIsVisible = 0;
			defaultConfigurationName = Release;
		};
		B9CCEC001E690A0B005B43BB /* Build configuration list for PBXNativeTarget "CalcCopy" */ = {
			isa = XCConfigurationList;
			buildConfigurations = (
				B9CCEC011E690A0B005B43BB /* Debug */,
				B9CCEC021E690A0B005B43BB /* Release */,
			);
			defaultConfigurationIsVisible = 0;
			defaultConfigurationName = Release;
		};
/* End XCConfigurationList section */
	};
	rootObject = B9CCEBE11E690A0A005B43BB /* Project object */;
}
