// !$*UTF8*$!
{
	archiveVersion = 1;
	classes = {
	};
	objectVersion = 46;
	objects = {

/* Begin PBXBuildFile section */
		B994521F1E77BADA00EC3915 /* main.m in Sources */ = {isa = PBXBuildFile; fileRef = B994521E1E77BADA00EC3915 /* main.m */; };
		B99452221E77BADB00EC3915 /* AppDelegate.m in Sources */ = {isa = PBXBuildFile; fileRef = B99452211E77BADB00EC3915 /* AppDelegate.m */; };
		B99452251E77BADB00EC3915 /* ViewController.m in Sources */ = {isa = PBXBuildFile; fileRef = B99452241E77BADB00EC3915 /* ViewController.m */; };
		B99452281E77BADB00EC3915 /* Main.storyboard in Resources */ = {isa = PBXBuildFile; fileRef = B99452261E77BADB00EC3915 /* Main.storyboard */; };
		B994522A1E77BADB00EC3915 /* Assets.xcassets in Resources */ = {isa = PBXBuildFile; fileRef = B99452291E77BADB00EC3915 /* Assets.xcassets */; };
		B994522D1E77BADB00EC3915 /* LaunchScreen.storyboard in Resources */ = {isa = PBXBuildFile; fileRef = B994522B1E77BADB00EC3915 /* LaunchScreen.storyboard */; };
		B99452391E77C34600EC3915 /* ChildrenPowerViewController.m in Sources */ = {isa = PBXBuildFile; fileRef = B99452381E77C34600EC3915 /* ChildrenPowerViewController.m */; };
/* End PBXBuildFile section */

/* Begin PBXFileReference section */
		B994521A1E77BADA00EC3915 /* SegmentedControl.app */ = {isa = PBXFileReference; explicitFileType = wrapper.application; includeInIndex = 0; path = SegmentedControl.app; sourceTree = BUILT_PRODUCTS_DIR; };
		B994521E1E77BADA00EC3915 /* main.m */ = {isa = PBXFileReference; lastKnownFileType = sourcecode.c.objc; path = main.m; sourceTree = "<group>"; };
		B99452201E77BADA00EC3915 /* AppDelegate.h */ = {isa = PBXFileReference; lastKnownFileType = sourcecode.c.h; path = AppDelegate.h; sourceTree = "<group>"; };
		B99452211E77BADB00EC3915 /* AppDelegate.m */ = {isa = PBXFileReference; lastKnownFileType = sourcecode.c.objc; path = AppDelegate.m; sourceTree = "<group>"; };
		B99452231E77BADB00EC3915 /* ViewController.h */ = {isa = PBXFileReference; lastKnownFileType = sourcecode.c.h; path = ViewController.h; sourceTree = "<group>"; };
		B99452241E77BADB00EC3915 /* ViewController.m */ = {isa = PBXFileReference; lastKnownFileType = sourcecode.c.objc; path = ViewController.m; sourceTree = "<group>"; };
		B99452271E77BADB00EC3915 /* Base */ = {isa = PBXFileReference; lastKnownFileType = file.storyboard; name = Base; path = Base.lproj/Main.storyboard; sourceTree = "<group>"; };
		B99452291E77BADB00EC3915 /* Assets.xcassets */ = {isa = PBXFileReference; lastKnownFileType = folder.assetcatalog; path = Assets.xcassets; sourceTree = "<group>"; };
		B994522C1E77BADB00EC3915 /* Base */ = {isa = PBXFileReference; lastKnownFileType = file.storyboard; name = Base; path = Base.lproj/LaunchScreen.storyboard; sourceTree = "<group>"; };
		B994522E1E77BADB00EC3915 /* Info.plist */ = {isa = PBXFileReference; lastKnownFileType = text.plist.xml; path = Info.plist; sourceTree = "<group>"; };
		B99452371E77C34600EC3915 /* ChildrenPowerViewController.h */ = {isa = PBXFileReference; fileEncoding = 4; lastKnownFileType = sourcecode.c.h; path = ChildrenPowerViewController.h; sourceTree = "<group>"; };
		B99452381E77C34600EC3915 /* ChildrenPowerViewController.m */ = {isa = PBXFileReference; fileEncoding = 4; lastKnownFileType = sourcecode.c.objc; path = ChildrenPowerViewController.m; sourceTree = "<group>"; };
/* End PBXFileReference section */

/* Begin PBXFrameworksBuildPhase section */
		B99452171E77BADA00EC3915 /* Frameworks */ = {
			isa = PBXFrameworksBuildPhase;
			buildActionMask = 2147483647;
			files = (
			);
			runOnlyForDeploymentPostprocessing = 0;
		};
/* End PBXFrameworksBuildPhase section */

/* Begin PBXGroup section */
		B99452111E77BADA00EC3915 = {
			isa = PBXGroup;
			children = (
				B994521C1E77BADA00EC3915 /* SegmentedControl */,
				B994521B1E77BADA00EC3915 /* Products */,
			);
			sourceTree = "<group>";
		};
		B994521B1E77BADA00EC3915 /* Products */ = {
			isa = PBXGroup;
			children = (
				B994521A1E77BADA00EC3915 /* SegmentedControl.app */,
			);
			name = Products;
			sourceTree = "<group>";
		};
		B994521C1E77BADA00EC3915 /* SegmentedControl */ = {
			isa = PBXGroup;
			children = (
				B99452201E77BADA00EC3915 /* AppDelegate.h */,
				B99452211E77BADB00EC3915 /* AppDelegate.m */,
				B99452371E77C34600EC3915 /* ChildrenPowerViewController.h */,
				B99452381E77C34600EC3915 /* ChildrenPowerViewController.m */,
				B99452231E77BADB00EC3915 /* ViewController.h */,
				B99452241E77BADB00EC3915 /* ViewController.m */,
				B99452261E77BADB00EC3915 /* Main.storyboard */,
				B99452291E77BADB00EC3915 /* Assets.xcassets */,
				B994522B1E77BADB00EC3915 /* LaunchScreen.storyboard */,
				B994522E1E77BADB00EC3915 /* Info.plist */,
				B994521D1E77BADA00EC3915 /* Supporting Files */,
			);
			path = SegmentedControl;
			sourceTree = "<group>";
		};
		B994521D1E77BADA00EC3915 /* Supporting Files */ = {
			isa = PBXGroup;
			children = (
				B994521E1E77BADA00EC3915 /* main.m */,
			);
			name = "Supporting Files";
			sourceTree = "<group>";
		};
/* End PBXGroup section */

/* Begin PBXNativeTarget section */
		B99452191E77BADA00EC3915 /* SegmentedControl */ = {
			isa = PBXNativeTarget;
			buildConfigurationList = B99452311E77BADB00EC3915 /* Build configuration list for PBXNativeTarget "SegmentedControl" */;
			buildPhases = (
				B99452161E77BADA00EC3915 /* Sources */,
				B99452171E77BADA00EC3915 /* Frameworks */,
				B99452181E77BADA00EC3915 /* Resources */,
			);
			buildRules = (
			);
			dependencies = (
			);
			name = SegmentedControl;
			productName = SegmentedControl;
			productReference = B994521A1E77BADA00EC3915 /* SegmentedControl.app */;
			productType = "com.apple.product-type.application";
		};
/* End PBXNativeTarget section */

/* Begin PBXProject section */
		B99452121E77BADA00EC3915 /* Project object */ = {
			isa = PBXProject;
			attributes = {
				LastUpgradeCheck = 0820;
				ORGANIZATIONNAME = "Jongchan Park";
				TargetAttributes = {
					B99452191E77BADA00EC3915 = {
						CreatedOnToolsVersion = 8.2.1;
						DevelopmentTeam = 8KDMCH8V2F;
						ProvisioningStyle = Automatic;
					};
				};
			};
			buildConfigurationList = B99452151E77BADA00EC3915 /* Build configuration list for PBXProject "SegmentedControl" */;
			compatibilityVersion = "Xcode 3.2";
			developmentRegion = English;
			hasScannedForEncodings = 0;
			knownRegions = (
				en,
				Base,
			);
			mainGroup = B99452111E77BADA00EC3915;
			productRefGroup = B994521B1E77BADA00EC3915 /* Products */;
			projectDirPath = "";
			projectRoot = "";
			targets = (
				B99452191E77BADA00EC3915 /* SegmentedControl */,
			);
		};
/* End PBXProject section */

/* Begin PBXResourcesBuildPhase section */
		B99452181E77BADA00EC3915 /* Resources */ = {
			isa = PBXResourcesBuildPhase;
			buildActionMask = 2147483647;
			files = (
				B994522D1E77BADB00EC3915 /* LaunchScreen.storyboard in Resources */,
				B994522A1E77BADB00EC3915 /* Assets.xcassets in Resources */,
				B99452281E77BADB00EC3915 /* Main.storyboard in Resources */,
			);
			runOnlyForDeploymentPostprocessing = 0;
		};
/* End PBXResourcesBuildPhase section */

/* Begin PBXSourcesBuildPhase section */
		B99452161E77BADA00EC3915 /* Sources */ = {
			isa = PBXSourcesBuildPhase;
			buildActionMask = 2147483647;
			files = (
				B99452391E77C34600EC3915 /* ChildrenPowerViewController.m in Sources */,
				B99452251E77BADB00EC3915 /* ViewController.m in Sources */,
				B99452221E77BADB00EC3915 /* AppDelegate.m in Sources */,
				B994521F1E77BADA00EC3915 /* main.m in Sources */,
			);
			runOnlyForDeploymentPostprocessing = 0;
		};
/* End PBXSourcesBuildPhase section */

/* Begin PBXVariantGroup section */
		B99452261E77BADB00EC3915 /* Main.storyboard */ = {
			isa = PBXVariantGroup;
			children = (
				B99452271E77BADB00EC3915 /* Base */,
			);
			name = Main.storyboard;
			sourceTree = "<group>";
		};
		B994522B1E77BADB00EC3915 /* LaunchScreen.storyboard */ = {
			isa = PBXVariantGroup;
			children = (
				B994522C1E77BADB00EC3915 /* Base */,
			);
			name = LaunchScreen.storyboard;
			sourceTree = "<group>";
		};
/* End PBXVariantGroup section */

/* Begin XCBuildConfiguration section */
		B994522F1E77BADB00EC3915 /* Debug */ = {
			isa = XCBuildConfiguration;
			buildSettings = {
				ALWAYS_SEARCH_USER_PATHS = NO;
				CLANG_ANALYZER_NONNULL = YES;
				CLANG_CXX_LANGUAGE_STANDARD = "gnu++0x";
				CLANG_CXX_LIBRARY = "libc++";
				CLANG_ENABLE_MODULES = YES;
				CLANG_ENABLE_OBJC_ARC = YES;
				CLANG_WARN_BOOL_CONVERSION = YES;
				CLANG_WARN_CONSTANT_CONVERSION = YES;
				CLANG_WARN_DIRECT_OBJC_ISA_USAGE = YES_ERROR;
				CLANG_WARN_DOCUMENTATION_COMMENTS = YES;
				CLANG_WARN_EMPTY_BODY = YES;
				CLANG_WARN_ENUM_CONVERSION = YES;
				CLANG_WARN_INFINITE_RECURSION = YES;
				CLANG_WARN_INT_CONVERSION = YES;
				CLANG_WARN_OBJC_ROOT_CLASS = YES_ERROR;
				CLANG_WARN_SUSPICIOUS_MOVE = YES;
				CLANG_WARN_UNREACHABLE_CODE = YES;
				CLANG_WARN__DUPLICATE_METHOD_MATCH = YES;
				"CODE_SIGN_IDENTITY[sdk=iphoneos*]" = "iPhone Developer";
				COPY_PHASE_STRIP = NO;
				DEBUG_INFORMATION_FORMAT = dwarf;
				ENABLE_STRICT_OBJC_MSGSEND = YES;
				ENABLE_TESTABILITY = YES;
				GCC_C_LANGUAGE_STANDARD = gnu99;
				GCC_DYNAMIC_NO_PIC = NO;
				GCC_NO_COMMON_BLOCKS = YES;
				GCC_OPTIMIZATION_LEVEL = 0;
				GCC_PREPROCESSOR_DEFINITIONS = (
					"DEBUG=1",
					"$(inherited)",
				);
				GCC_WARN_64_TO_32_BIT_CONVERSION = YES;
				GCC_WARN_ABOUT_RETURN_TYPE = YES_ERROR;
				GCC_WARN_UNDECLARED_SELECTOR = YES;
				GCC_WARN_UNINITIALIZED_AUTOS = YES_AGGRESSIVE;
				GCC_WARN_UNUSED_FUNCTION = YES;
				GCC_WARN_UNUSED_VARIABLE = YES;
				IPHONEOS_DEPLOYMENT_TARGET = 10.2;
				MTL_ENABLE_DEBUG_INFO = YES;
				ONLY_ACTIVE_ARCH = YES;
				SDKROOT = iphoneos;
			};
			name = Debug;
		};
		B99452301E77BADB00EC3915 /* Release */ = {
			isa = XCBuildConfiguration;
			buildSettings = {
				ALWAYS_SEARCH_USER_PATHS = NO;
				CLANG_ANALYZER_NONNULL = YES;
				CLANG_CXX_LANGUAGE_STANDARD = "gnu++0x";
				CLANG_CXX_LIBRARY = "libc++";
				CLANG_ENABLE_MODULES = YES;
				CLANG_ENABLE_OBJC_ARC = YES;
				CLANG_WARN_BOOL_CONVERSION = YES;
				CLANG_WARN_CONSTANT_CONVERSION = YES;
				CLANG_WARN_DIRECT_OBJC_ISA_USAGE = YES_ERROR;
				CLANG_WARN_DOCUMENTATION_COMMENTS = YES;
				CLANG_WARN_EMPTY_BODY = YES;
				CLANG_WARN_ENUM_CONVERSION = YES;
				CLANG_WARN_INFINITE_RECURSION = YES;
				CLANG_WARN_INT_CONVERSION = YES;
				CLANG_WARN_OBJC_ROOT_CLASS = YES_ERROR;
				CLANG_WARN_SUSPICIOUS_MOVE = YES;
				CLANG_WARN_UNREACHABLE_CODE = YES;
				CLANG_WARN__DUPLICATE_METHOD_MATCH = YES;
				"CODE_SIGN_IDENTITY[sdk=iphoneos*]" = "iPhone Developer";
				COPY_PHASE_STRIP = NO;
				DEBUG_INFORMATION_FORMAT = "dwarf-with-dsym";
				ENABLE_NS_ASSERTIONS = NO;
				ENABLE_STRICT_OBJC_MSGSEND = YES;
				GCC_C_LANGUAGE_STANDARD = gnu99;
				GCC_NO_COMMON_BLOCKS = YES;
				GCC_WARN_64_TO_32_BIT_CONVERSION = YES;
				GCC_WARN_ABOUT_RETURN_TYPE = YES_ERROR;
				GCC_WARN_UNDECLARED_SELECTOR = YES;
				GCC_WARN_UNINITIALIZED_AUTOS = YES_AGGRESSIVE;
				GCC_WARN_UNUSED_FUNCTION = YES;
				GCC_WARN_UNUSED_VARIABLE = YES;
				IPHONEOS_DEPLOYMENT_TARGET = 10.2;
				MTL_ENABLE_DEBUG_INFO = NO;
				SDKROOT = iphoneos;
				VALIDATE_PRODUCT = YES;
			};
			name = Release;
		};
		B99452321E77BADB00EC3915 /* Debug */ = {
			isa = XCBuildConfiguration;
			buildSettings = {
				ASSETCATALOG_COMPILER_APPICON_NAME = AppIcon;
				DEVELOPMENT_TEAM = 8KDMCH8V2F;
				INFOPLIST_FILE = SegmentedControl/Info.plist;
				LD_RUNPATH_SEARCH_PATHS = "$(inherited) @executable_path/Frameworks";
				PRODUCT_BUNDLE_IDENTIFIER = jongchanpark.developed.SegmentedControl;
				PRODUCT_NAME = "$(TARGET_NAME)";
			};
			name = Debug;
		};
		B99452331E77BADB00EC3915 /* Release */ = {
			isa = XCBuildConfiguration;
			buildSettings = {
				ASSETCATALOG_COMPILER_APPICON_NAME = AppIcon;
				DEVELOPMENT_TEAM = 8KDMCH8V2F;
				INFOPLIST_FILE = SegmentedControl/Info.plist;
				LD_RUNPATH_SEARCH_PATHS = "$(inherited) @executable_path/Frameworks";
				PRODUCT_BUNDLE_IDENTIFIER = jongchanpark.developed.SegmentedControl;
				PRODUCT_NAME = "$(TARGET_NAME)";
			};
			name = Release;
		};
/* End XCBuildConfiguration section */

/* Begin XCConfigurationList section */
		B99452151E77BADA00EC3915 /* Build configuration list for PBXProject "SegmentedControl" */ = {
			isa = XCConfigurationList;
			buildConfigurations = (
				B994522F1E77BADB00EC3915 /* Debug */,
				B99452301E77BADB00EC3915 /* Release */,
			);
			defaultConfigurationIsVisible = 0;
			defaultConfigurationName = Release;
		};
		B99452311E77BADB00EC3915 /* Build configuration list for PBXNativeTarget "SegmentedControl" */ = {
			isa = XCConfigurationList;
			buildConfigurations = (
				B99452321E77BADB00EC3915 /* Debug */,
				B99452331E77BADB00EC3915 /* Release */,
			);
			defaultConfigurationIsVisible = 0;
		};
/* End XCConfigurationList section */
	};
	rootObject = B99452121E77BADA00EC3915 /* Project object */;
}
