// !$*UTF8*$!
{
	archiveVersion = 1;
	classes = {
	};
	objectVersion = 46;
	objects = {

/* Begin PBXBuildFile section */
		B9D8DFA71E5186F400BD124C /* main.m in Sources */ = {isa = PBXBuildFile; fileRef = B9D8DFA61E5186F400BD124C /* main.m */; };
		B9D8DFAA1E5186F400BD124C /* AppDelegate.m in Sources */ = {isa = PBXBuildFile; fileRef = B9D8DFA91E5186F400BD124C /* AppDelegate.m */; };
		B9D8DFAD1E5186F400BD124C /* ViewController.m in Sources */ = {isa = PBXBuildFile; fileRef = B9D8DFAC1E5186F400BD124C /* ViewController.m */; };
		B9D8DFB01E5186F400BD124C /* Main.storyboard in Resources */ = {isa = PBXBuildFile; fileRef = B9D8DFAE1E5186F400BD124C /* Main.storyboard */; };
		B9D8DFB21E5186F400BD124C /* Assets.xcassets in Resources */ = {isa = PBXBuildFile; fileRef = B9D8DFB11E5186F400BD124C /* Assets.xcassets */; };
		B9D8DFB51E5186F400BD124C /* LaunchScreen.storyboard in Resources */ = {isa = PBXBuildFile; fileRef = B9D8DFB31E5186F400BD124C /* LaunchScreen.storyboard */; };
		B9D8DFBE1E51903D00BD124C /* ViewController2.m in Sources */ = {isa = PBXBuildFile; fileRef = B9D8DFBD1E51903D00BD124C /* ViewController2.m */; };
/* End PBXBuildFile section */

/* Begin PBXFileReference section */
		B9D8DFA21E5186F400BD124C /* NavigationControllerPrac.app */ = {isa = PBXFileReference; explicitFileType = wrapper.application; includeInIndex = 0; path = NavigationControllerPrac.app; sourceTree = BUILT_PRODUCTS_DIR; };
		B9D8DFA61E5186F400BD124C /* main.m */ = {isa = PBXFileReference; lastKnownFileType = sourcecode.c.objc; path = main.m; sourceTree = "<group>"; };
		B9D8DFA81E5186F400BD124C /* AppDelegate.h */ = {isa = PBXFileReference; lastKnownFileType = sourcecode.c.h; path = AppDelegate.h; sourceTree = "<group>"; };
		B9D8DFA91E5186F400BD124C /* AppDelegate.m */ = {isa = PBXFileReference; lastKnownFileType = sourcecode.c.objc; path = AppDelegate.m; sourceTree = "<group>"; };
		B9D8DFAB1E5186F400BD124C /* ViewController.h */ = {isa = PBXFileReference; lastKnownFileType = sourcecode.c.h; path = ViewController.h; sourceTree = "<group>"; };
		B9D8DFAC1E5186F400BD124C /* ViewController.m */ = {isa = PBXFileReference; lastKnownFileType = sourcecode.c.objc; path = ViewController.m; sourceTree = "<group>"; };
		B9D8DFAF1E5186F400BD124C /* Base */ = {isa = PBXFileReference; lastKnownFileType = file.storyboard; name = Base; path = Base.lproj/Main.storyboard; sourceTree = "<group>"; };
		B9D8DFB11E5186F400BD124C /* Assets.xcassets */ = {isa = PBXFileReference; lastKnownFileType = folder.assetcatalog; path = Assets.xcassets; sourceTree = "<group>"; };
		B9D8DFB41E5186F400BD124C /* Base */ = {isa = PBXFileReference; lastKnownFileType = file.storyboard; name = Base; path = Base.lproj/LaunchScreen.storyboard; sourceTree = "<group>"; };
		B9D8DFB61E5186F400BD124C /* Info.plist */ = {isa = PBXFileReference; lastKnownFileType = text.plist.xml; path = Info.plist; sourceTree = "<group>"; };
		B9D8DFBC1E51903D00BD124C /* ViewController2.h */ = {isa = PBXFileReference; fileEncoding = 4; lastKnownFileType = sourcecode.c.h; path = ViewController2.h; sourceTree = "<group>"; };
		B9D8DFBD1E51903D00BD124C /* ViewController2.m */ = {isa = PBXFileReference; fileEncoding = 4; lastKnownFileType = sourcecode.c.objc; path = ViewController2.m; sourceTree = "<group>"; };
/* End PBXFileReference section */

/* Begin PBXFrameworksBuildPhase section */
		B9D8DF9F1E5186F400BD124C /* Frameworks */ = {
			isa = PBXFrameworksBuildPhase;
			buildActionMask = 2147483647;
			files = (
			);
			runOnlyForDeploymentPostprocessing = 0;
		};
/* End PBXFrameworksBuildPhase section */

/* Begin PBXGroup section */
		B9D8DF991E5186F400BD124C = {
			isa = PBXGroup;
			children = (
				B9D8DFA41E5186F400BD124C /* NavigationControllerPrac */,
				B9D8DFA31E5186F400BD124C /* Products */,
			);
			sourceTree = "<group>";
		};
		B9D8DFA31E5186F400BD124C /* Products */ = {
			isa = PBXGroup;
			children = (
				B9D8DFA21E5186F400BD124C /* NavigationControllerPrac.app */,
			);
			name = Products;
			sourceTree = "<group>";
		};
		B9D8DFA41E5186F400BD124C /* NavigationControllerPrac */ = {
			isa = PBXGroup;
			children = (
				B9D8DFA81E5186F400BD124C /* AppDelegate.h */,
				B9D8DFA91E5186F400BD124C /* AppDelegate.m */,
				B9D8DFAB1E5186F400BD124C /* ViewController.h */,
				B9D8DFAC1E5186F400BD124C /* ViewController.m */,
				B9D8DFBC1E51903D00BD124C /* ViewController2.h */,
				B9D8DFBD1E51903D00BD124C /* ViewController2.m */,
				B9D8DFAE1E5186F400BD124C /* Main.storyboard */,
				B9D8DFB11E5186F400BD124C /* Assets.xcassets */,
				B9D8DFB31E5186F400BD124C /* LaunchScreen.storyboard */,
				B9D8DFB61E5186F400BD124C /* Info.plist */,
				B9D8DFA51E5186F400BD124C /* Supporting Files */,
			);
			path = NavigationControllerPrac;
			sourceTree = "<group>";
		};
		B9D8DFA51E5186F400BD124C /* Supporting Files */ = {
			isa = PBXGroup;
			children = (
				B9D8DFA61E5186F400BD124C /* main.m */,
			);
			name = "Supporting Files";
			sourceTree = "<group>";
		};
/* End PBXGroup section */

/* Begin PBXNativeTarget section */
		B9D8DFA11E5186F400BD124C /* NavigationControllerPrac */ = {
			isa = PBXNativeTarget;
			buildConfigurationList = B9D8DFB91E5186F400BD124C /* Build configuration list for PBXNativeTarget "NavigationControllerPrac" */;
			buildPhases = (
				B9D8DF9E1E5186F400BD124C /* Sources */,
				B9D8DF9F1E5186F400BD124C /* Frameworks */,
				B9D8DFA01E5186F400BD124C /* Resources */,
			);
			buildRules = (
			);
			dependencies = (
			);
			name = NavigationControllerPrac;
			productName = NavigationControllerPrac;
			productReference = B9D8DFA21E5186F400BD124C /* NavigationControllerPrac.app */;
			productType = "com.apple.product-type.application";
		};
/* End PBXNativeTarget section */

/* Begin PBXProject section */
		B9D8DF9A1E5186F400BD124C /* Project object */ = {
			isa = PBXProject;
			attributes = {
				LastUpgradeCheck = 0820;
				ORGANIZATIONNAME = "Jongchan Park";
				TargetAttributes = {
					B9D8DFA11E5186F400BD124C = {
						CreatedOnToolsVersion = 8.2.1;
						DevelopmentTeam = P75V2R55B5;
						ProvisioningStyle = Automatic;
					};
				};
			};
			buildConfigurationList = B9D8DF9D1E5186F400BD124C /* Build configuration list for PBXProject "NavigationControllerPrac" */;
			compatibilityVersion = "Xcode 3.2";
			developmentRegion = English;
			hasScannedForEncodings = 0;
			knownRegions = (
				en,
				Base,
			);
			mainGroup = B9D8DF991E5186F400BD124C;
			productRefGroup = B9D8DFA31E5186F400BD124C /* Products */;
			projectDirPath = "";
			projectRoot = "";
			targets = (
				B9D8DFA11E5186F400BD124C /* NavigationControllerPrac */,
			);
		};
/* End PBXProject section */

/* Begin PBXResourcesBuildPhase section */
		B9D8DFA01E5186F400BD124C /* Resources */ = {
			isa = PBXResourcesBuildPhase;
			buildActionMask = 2147483647;
			files = (
				B9D8DFB51E5186F400BD124C /* LaunchScreen.storyboard in Resources */,
				B9D8DFB21E5186F400BD124C /* Assets.xcassets in Resources */,
				B9D8DFB01E5186F400BD124C /* Main.storyboard in Resources */,
			);
			runOnlyForDeploymentPostprocessing = 0;
		};
/* End PBXResourcesBuildPhase section */

/* Begin PBXSourcesBuildPhase section */
		B9D8DF9E1E5186F400BD124C /* Sources */ = {
			isa = PBXSourcesBuildPhase;
			buildActionMask = 2147483647;
			files = (
				B9D8DFAD1E5186F400BD124C /* ViewController.m in Sources */,
				B9D8DFBE1E51903D00BD124C /* ViewController2.m in Sources */,
				B9D8DFAA1E5186F400BD124C /* AppDelegate.m in Sources */,
				B9D8DFA71E5186F400BD124C /* main.m in Sources */,
			);
			runOnlyForDeploymentPostprocessing = 0;
		};
/* End PBXSourcesBuildPhase section */

/* Begin PBXVariantGroup section */
		B9D8DFAE1E5186F400BD124C /* Main.storyboard */ = {
			isa = PBXVariantGroup;
			children = (
				B9D8DFAF1E5186F400BD124C /* Base */,
			);
			name = Main.storyboard;
			sourceTree = "<group>";
		};
		B9D8DFB31E5186F400BD124C /* LaunchScreen.storyboard */ = {
			isa = PBXVariantGroup;
			children = (
				B9D8DFB41E5186F400BD124C /* Base */,
			);
			name = LaunchScreen.storyboard;
			sourceTree = "<group>";
		};
/* End PBXVariantGroup section */

/* Begin XCBuildConfiguration section */
		B9D8DFB71E5186F400BD124C /* Debug */ = {
			isa = XCBuildConfiguration;
			buildSettings = {
				ALWAYS_SEARCH_USER_PATHS = NO;
				CLANG_ANALYZER_NONNULL = YES;
				CLANG_CXX_LANGUAGE_STANDARD = "gnu++0x";
				CLANG_CXX_LIBRARY = "libc++";
				CLANG_ENABLE_MODULES = YES;
				CLANG_ENABLE_OBJC_ARC = YES;
				CLANG_WARN_BOOL_CONVERSION = YES;
				CLANG_WARN_CONSTANT_CONVERSION = YES;
				CLANG_WARN_DIRECT_OBJC_ISA_USAGE = YES_ERROR;
				CLANG_WARN_DOCUMENTATION_COMMENTS = YES;
				CLANG_WARN_EMPTY_BODY = YES;
				CLANG_WARN_ENUM_CONVERSION = YES;
				CLANG_WARN_INFINITE_RECURSION = YES;
				CLANG_WARN_INT_CONVERSION = YES;
				CLANG_WARN_OBJC_ROOT_CLASS = YES_ERROR;
				CLANG_WARN_SUSPICIOUS_MOVE = YES;
				CLANG_WARN_UNREACHABLE_CODE = YES;
				CLANG_WARN__DUPLICATE_METHOD_MATCH = YES;
				"CODE_SIGN_IDENTITY[sdk=iphoneos*]" = "iPhone Developer";
				COPY_PHASE_STRIP = NO;
				DEBUG_INFORMATION_FORMAT = dwarf;
				ENABLE_STRICT_OBJC_MSGSEND = YES;
				ENABLE_TESTABILITY = YES;
				GCC_C_LANGUAGE_STANDARD = gnu99;
				GCC_DYNAMIC_NO_PIC = NO;
				GCC_NO_COMMON_BLOCKS = YES;
				GCC_OPTIMIZATION_LEVEL = 0;
				GCC_PREPROCESSOR_DEFINITIONS = (
					"DEBUG=1",
					"$(inherited)",
				);
				GCC_WARN_64_TO_32_BIT_CONVERSION = YES;
				GCC_WARN_ABOUT_RETURN_TYPE = YES_ERROR;
				GCC_WARN_UNDECLARED_SELECTOR = YES;
				GCC_WARN_UNINITIALIZED_AUTOS = YES_AGGRESSIVE;
				GCC_WARN_UNUSED_FUNCTION = YES;
				GCC_WARN_UNUSED_VARIABLE = YES;
				IPHONEOS_DEPLOYMENT_TARGET = 10.2;
				MTL_ENABLE_DEBUG_INFO = YES;
				ONLY_ACTIVE_ARCH = YES;
				SDKROOT = iphoneos;
			};
			name = Debug;
		};
		B9D8DFB81E5186F400BD124C /* Release */ = {
			isa = XCBuildConfiguration;
			buildSettings = {
				ALWAYS_SEARCH_USER_PATHS = NO;
				CLANG_ANALYZER_NONNULL = YES;
				CLANG_CXX_LANGUAGE_STANDARD = "gnu++0x";
				CLANG_CXX_LIBRARY = "libc++";
				CLANG_ENABLE_MODULES = YES;
				CLANG_ENABLE_OBJC_ARC = YES;
				CLANG_WARN_BOOL_CONVERSION = YES;
				CLANG_WARN_CONSTANT_CONVERSION = YES;
				CLANG_WARN_DIRECT_OBJC_ISA_USAGE = YES_ERROR;
				CLANG_WARN_DOCUMENTATION_COMMENTS = YES;
				CLANG_WARN_EMPTY_BODY = YES;
				CLANG_WARN_ENUM_CONVERSION = YES;
				CLANG_WARN_INFINITE_RECURSION = YES;
				CLANG_WARN_INT_CONVERSION = YES;
				CLANG_WARN_OBJC_ROOT_CLASS = YES_ERROR;
				CLANG_WARN_SUSPICIOUS_MOVE = YES;
				CLANG_WARN_UNREACHABLE_CODE = YES;
				CLANG_WARN__DUPLICATE_METHOD_MATCH = YES;
				"CODE_SIGN_IDENTITY[sdk=iphoneos*]" = "iPhone Developer";
				COPY_PHASE_STRIP = NO;
				DEBUG_INFORMATION_FORMAT = "dwarf-with-dsym";
				ENABLE_NS_ASSERTIONS = NO;
				ENABLE_STRICT_OBJC_MSGSEND = YES;
				GCC_C_LANGUAGE_STANDARD = gnu99;
				GCC_NO_COMMON_BLOCKS = YES;
				GCC_WARN_64_TO_32_BIT_CONVERSION = YES;
				GCC_WARN_ABOUT_RETURN_TYPE = YES_ERROR;
				GCC_WARN_UNDECLARED_SELECTOR = YES;
				GCC_WARN_UNINITIALIZED_AUTOS = YES_AGGRESSIVE;
				GCC_WARN_UNUSED_FUNCTION = YES;
				GCC_WARN_UNUSED_VARIABLE = YES;
				IPHONEOS_DEPLOYMENT_TARGET = 10.2;
				MTL_ENABLE_DEBUG_INFO = NO;
				SDKROOT = iphoneos;
				VALIDATE_PRODUCT = YES;
			};
			name = Release;
		};
		B9D8DFBA1E5186F400BD124C /* Debug */ = {
			isa = XCBuildConfiguration;
			buildSettings = {
				ASSETCATALOG_COMPILER_APPICON_NAME = AppIcon;
				DEVELOPMENT_TEAM = P75V2R55B5;
				INFOPLIST_FILE = NavigationControllerPrac/Info.plist;
				LD_RUNPATH_SEARCH_PATHS = "$(inherited) @executable_path/Frameworks";
				PRODUCT_BUNDLE_IDENTIFIER = jongchanPark.presented.NavigationControllerPrac;
				PRODUCT_NAME = "$(TARGET_NAME)";
			};
			name = Debug;
		};
		B9D8DFBB1E5186F400BD124C /* Release */ = {
			isa = XCBuildConfiguration;
			buildSettings = {
				ASSETCATALOG_COMPILER_APPICON_NAME = AppIcon;
				DEVELOPMENT_TEAM = P75V2R55B5;
				INFOPLIST_FILE = NavigationControllerPrac/Info.plist;
				LD_RUNPATH_SEARCH_PATHS = "$(inherited) @executable_path/Frameworks";
				PRODUCT_BUNDLE_IDENTIFIER = jongchanPark.presented.NavigationControllerPrac;
				PRODUCT_NAME = "$(TARGET_NAME)";
			};
			name = Release;
		};
/* End XCBuildConfiguration section */

/* Begin XCConfigurationList section */
		B9D8DF9D1E5186F400BD124C /* Build configuration list for PBXProject "NavigationControllerPrac" */ = {
			isa = XCConfigurationList;
			buildConfigurations = (
				B9D8DFB71E5186F400BD124C /* Debug */,
				B9D8DFB81E5186F400BD124C /* Release */,
			);
			defaultConfigurationIsVisible = 0;
			defaultConfigurationName = Release;
		};
		B9D8DFB91E5186F400BD124C /* Build configuration list for PBXNativeTarget "NavigationControllerPrac" */ = {
			isa = XCConfigurationList;
			buildConfigurations = (
				B9D8DFBA1E5186F400BD124C /* Debug */,
				B9D8DFBB1E5186F400BD124C /* Release */,
			);
			defaultConfigurationIsVisible = 0;
		};
/* End XCConfigurationList section */
	};
	rootObject = B9D8DF9A1E5186F400BD124C /* Project object */;
}
