// !$*UTF8*$!
{
	archiveVersion = 1;
	classes = {
	};
	objectVersion = 46;
	objects = {

/* Begin PBXBuildFile section */
		B9E9E1261E496381002C4F78 /* main.m in Sources */ = {isa = PBXBuildFile; fileRef = B9E9E1251E496381002C4F78 /* main.m */; };
		B9E9E1291E496381002C4F78 /* AppDelegate.m in Sources */ = {isa = PBXBuildFile; fileRef = B9E9E1281E496381002C4F78 /* AppDelegate.m */; };
		B9E9E12C1E496381002C4F78 /* ViewController.m in Sources */ = {isa = PBXBuildFile; fileRef = B9E9E12B1E496381002C4F78 /* ViewController.m */; };
		B9E9E12F1E496381002C4F78 /* Main.storyboard in Resources */ = {isa = PBXBuildFile; fileRef = B9E9E12D1E496381002C4F78 /* Main.storyboard */; };
		B9E9E1311E496381002C4F78 /* Assets.xcassets in Resources */ = {isa = PBXBuildFile; fileRef = B9E9E1301E496381002C4F78 /* Assets.xcassets */; };
		B9E9E1341E496381002C4F78 /* LaunchScreen.storyboard in Resources */ = {isa = PBXBuildFile; fileRef = B9E9E1321E496381002C4F78 /* LaunchScreen.storyboard */; };
/* End PBXBuildFile section */

/* Begin PBXFileReference section */
		B9E9E1211E496381002C4F78 /* UIScrollViewStudy.app */ = {isa = PBXFileReference; explicitFileType = wrapper.application; includeInIndex = 0; path = UIScrollViewStudy.app; sourceTree = BUILT_PRODUCTS_DIR; };
		B9E9E1251E496381002C4F78 /* main.m */ = {isa = PBXFileReference; lastKnownFileType = sourcecode.c.objc; path = main.m; sourceTree = "<group>"; };
		B9E9E1271E496381002C4F78 /* AppDelegate.h */ = {isa = PBXFileReference; lastKnownFileType = sourcecode.c.h; path = AppDelegate.h; sourceTree = "<group>"; };
		B9E9E1281E496381002C4F78 /* AppDelegate.m */ = {isa = PBXFileReference; lastKnownFileType = sourcecode.c.objc; path = AppDelegate.m; sourceTree = "<group>"; };
		B9E9E12A1E496381002C4F78 /* ViewController.h */ = {isa = PBXFileReference; lastKnownFileType = sourcecode.c.h; path = ViewController.h; sourceTree = "<group>"; };
		B9E9E12B1E496381002C4F78 /* ViewController.m */ = {isa = PBXFileReference; lastKnownFileType = sourcecode.c.objc; path = ViewController.m; sourceTree = "<group>"; };
		B9E9E12E1E496381002C4F78 /* Base */ = {isa = PBXFileReference; lastKnownFileType = file.storyboard; name = Base; path = Base.lproj/Main.storyboard; sourceTree = "<group>"; };
		B9E9E1301E496381002C4F78 /* Assets.xcassets */ = {isa = PBXFileReference; lastKnownFileType = folder.assetcatalog; path = Assets.xcassets; sourceTree = "<group>"; };
		B9E9E1331E496381002C4F78 /* Base */ = {isa = PBXFileReference; lastKnownFileType = file.storyboard; name = Base; path = Base.lproj/LaunchScreen.storyboard; sourceTree = "<group>"; };
		B9E9E1351E496381002C4F78 /* Info.plist */ = {isa = PBXFileReference; lastKnownFileType = text.plist.xml; path = Info.plist; sourceTree = "<group>"; };
/* End PBXFileReference section */

/* Begin PBXFrameworksBuildPhase section */
		B9E9E11E1E496381002C4F78 /* Frameworks */ = {
			isa = PBXFrameworksBuildPhase;
			buildActionMask = 2147483647;
			files = (
			);
			runOnlyForDeploymentPostprocessing = 0;
		};
/* End PBXFrameworksBuildPhase section */

/* Begin PBXGroup section */
		B9E9E1181E496381002C4F78 = {
			isa = PBXGroup;
			children = (
				B9E9E1231E496381002C4F78 /* UIScrollViewStudy */,
				B9E9E1221E496381002C4F78 /* Products */,
			);
			sourceTree = "<group>";
		};
		B9E9E1221E496381002C4F78 /* Products */ = {
			isa = PBXGroup;
			children = (
				B9E9E1211E496381002C4F78 /* UIScrollViewStudy.app */,
			);
			name = Products;
			sourceTree = "<group>";
		};
		B9E9E1231E496381002C4F78 /* UIScrollViewStudy */ = {
			isa = PBXGroup;
			children = (
				B9E9E1271E496381002C4F78 /* AppDelegate.h */,
				B9E9E1281E496381002C4F78 /* AppDelegate.m */,
				B9E9E12A1E496381002C4F78 /* ViewController.h */,
				B9E9E12B1E496381002C4F78 /* ViewController.m */,
				B9E9E12D1E496381002C4F78 /* Main.storyboard */,
				B9E9E1301E496381002C4F78 /* Assets.xcassets */,
				B9E9E1321E496381002C4F78 /* LaunchScreen.storyboard */,
				B9E9E1351E496381002C4F78 /* Info.plist */,
				B9E9E1241E496381002C4F78 /* Supporting Files */,
			);
			path = UIScrollViewStudy;
			sourceTree = "<group>";
		};
		B9E9E1241E496381002C4F78 /* Supporting Files */ = {
			isa = PBXGroup;
			children = (
				B9E9E1251E496381002C4F78 /* main.m */,
			);
			name = "Supporting Files";
			sourceTree = "<group>";
		};
/* End PBXGroup section */

/* Begin PBXNativeTarget section */
		B9E9E1201E496381002C4F78 /* UIScrollViewStudy */ = {
			isa = PBXNativeTarget;
			buildConfigurationList = B9E9E1381E496382002C4F78 /* Build configuration list for PBXNativeTarget "UIScrollViewStudy" */;
			buildPhases = (
				B9E9E11D1E496381002C4F78 /* Sources */,
				B9E9E11E1E496381002C4F78 /* Frameworks */,
				B9E9E11F1E496381002C4F78 /* Resources */,
			);
			buildRules = (
			);
			dependencies = (
			);
			name = UIScrollViewStudy;
			productName = UIScrollViewStudy;
			productReference = B9E9E1211E496381002C4F78 /* UIScrollViewStudy.app */;
			productType = "com.apple.product-type.application";
		};
/* End PBXNativeTarget section */

/* Begin PBXProject section */
		B9E9E1191E496381002C4F78 /* Project object */ = {
			isa = PBXProject;
			attributes = {
				LastUpgradeCheck = 0820;
				ORGANIZATIONNAME = "Jongchan Park";
				TargetAttributes = {
					B9E9E1201E496381002C4F78 = {
						CreatedOnToolsVersion = 8.2.1;
						DevelopmentTeam = P75V2R55B5;
						ProvisioningStyle = Automatic;
					};
				};
			};
			buildConfigurationList = B9E9E11C1E496381002C4F78 /* Build configuration list for PBXProject "UIScrollViewStudy" */;
			compatibilityVersion = "Xcode 3.2";
			developmentRegion = English;
			hasScannedForEncodings = 0;
			knownRegions = (
				en,
				Base,
			);
			mainGroup = B9E9E1181E496381002C4F78;
			productRefGroup = B9E9E1221E496381002C4F78 /* Products */;
			projectDirPath = "";
			projectRoot = "";
			targets = (
				B9E9E1201E496381002C4F78 /* UIScrollViewStudy */,
			);
		};
/* End PBXProject section */

/* Begin PBXResourcesBuildPhase section */
		B9E9E11F1E496381002C4F78 /* Resources */ = {
			isa = PBXResourcesBuildPhase;
			buildActionMask = 2147483647;
			files = (
				B9E9E1341E496381002C4F78 /* LaunchScreen.storyboard in Resources */,
				B9E9E1311E496381002C4F78 /* Assets.xcassets in Resources */,
				B9E9E12F1E496381002C4F78 /* Main.storyboard in Resources */,
			);
			runOnlyForDeploymentPostprocessing = 0;
		};
/* End PBXResourcesBuildPhase section */

/* Begin PBXSourcesBuildPhase section */
		B9E9E11D1E496381002C4F78 /* Sources */ = {
			isa = PBXSourcesBuildPhase;
			buildActionMask = 2147483647;
			files = (
				B9E9E12C1E496381002C4F78 /* ViewController.m in Sources */,
				B9E9E1291E496381002C4F78 /* AppDelegate.m in Sources */,
				B9E9E1261E496381002C4F78 /* main.m in Sources */,
			);
			runOnlyForDeploymentPostprocessing = 0;
		};
/* End PBXSourcesBuildPhase section */

/* Begin PBXVariantGroup section */
		B9E9E12D1E496381002C4F78 /* Main.storyboard */ = {
			isa = PBXVariantGroup;
			children = (
				B9E9E12E1E496381002C4F78 /* Base */,
			);
			name = Main.storyboard;
			sourceTree = "<group>";
		};
		B9E9E1321E496381002C4F78 /* LaunchScreen.storyboard */ = {
			isa = PBXVariantGroup;
			children = (
				B9E9E1331E496381002C4F78 /* Base */,
			);
			name = LaunchScreen.storyboard;
			sourceTree = "<group>";
		};
/* End PBXVariantGroup section */

/* Begin XCBuildConfiguration section */
		B9E9E1361E496382002C4F78 /* Debug */ = {
			isa = XCBuildConfiguration;
			buildSettings = {
				ALWAYS_SEARCH_USER_PATHS = NO;
				CLANG_ANALYZER_NONNULL = YES;
				CLANG_CXX_LANGUAGE_STANDARD = "gnu++0x";
				CLANG_CXX_LIBRARY = "libc++";
				CLANG_ENABLE_MODULES = YES;
				CLANG_ENABLE_OBJC_ARC = YES;
				CLANG_WARN_BOOL_CONVERSION = YES;
				CLANG_WARN_CONSTANT_CONVERSION = YES;
				CLANG_WARN_DIRECT_OBJC_ISA_USAGE = YES_ERROR;
				CLANG_WARN_DOCUMENTATION_COMMENTS = YES;
				CLANG_WARN_EMPTY_BODY = YES;
				CLANG_WARN_ENUM_CONVERSION = YES;
				CLANG_WARN_INFINITE_RECURSION = YES;
				CLANG_WARN_INT_CONVERSION = YES;
				CLANG_WARN_OBJC_ROOT_CLASS = YES_ERROR;
				CLANG_WARN_SUSPICIOUS_MOVE = YES;
				CLANG_WARN_UNREACHABLE_CODE = YES;
				CLANG_WARN__DUPLICATE_METHOD_MATCH = YES;
				"CODE_SIGN_IDENTITY[sdk=iphoneos*]" = "iPhone Developer";
				COPY_PHASE_STRIP = NO;
				DEBUG_INFORMATION_FORMAT = dwarf;
				ENABLE_STRICT_OBJC_MSGSEND = YES;
				ENABLE_TESTABILITY = YES;
				GCC_C_LANGUAGE_STANDARD = gnu99;
				GCC_DYNAMIC_NO_PIC = NO;
				GCC_NO_COMMON_BLOCKS = YES;
				GCC_OPTIMIZATION_LEVEL = 0;
				GCC_PREPROCESSOR_DEFINITIONS = (
					"DEBUG=1",
					"$(inherited)",
				);
				GCC_WARN_64_TO_32_BIT_CONVERSION = YES;
				GCC_WARN_ABOUT_RETURN_TYPE = YES_ERROR;
				GCC_WARN_UNDECLARED_SELECTOR = YES;
				GCC_WARN_UNINITIALIZED_AUTOS = YES_AGGRESSIVE;
				GCC_WARN_UNUSED_FUNCTION = YES;
				GCC_WARN_UNUSED_VARIABLE = YES;
				IPHONEOS_DEPLOYMENT_TARGET = 10.2;
				MTL_ENABLE_DEBUG_INFO = YES;
				ONLY_ACTIVE_ARCH = YES;
				SDKROOT = iphoneos;
			};
			name = Debug;
		};
		B9E9E1371E496382002C4F78 /* Release */ = {
			isa = XCBuildConfiguration;
			buildSettings = {
				ALWAYS_SEARCH_USER_PATHS = NO;
				CLANG_ANALYZER_NONNULL = YES;
				CLANG_CXX_LANGUAGE_STANDARD = "gnu++0x";
				CLANG_CXX_LIBRARY = "libc++";
				CLANG_ENABLE_MODULES = YES;
				CLANG_ENABLE_OBJC_ARC = YES;
				CLANG_WARN_BOOL_CONVERSION = YES;
				CLANG_WARN_CONSTANT_CONVERSION = YES;
				CLANG_WARN_DIRECT_OBJC_ISA_USAGE = YES_ERROR;
				CLANG_WARN_DOCUMENTATION_COMMENTS = YES;
				CLANG_WARN_EMPTY_BODY = YES;
				CLANG_WARN_ENUM_CONVERSION = YES;
				CLANG_WARN_INFINITE_RECURSION = YES;
				CLANG_WARN_INT_CONVERSION = YES;
				CLANG_WARN_OBJC_ROOT_CLASS = YES_ERROR;
				CLANG_WARN_SUSPICIOUS_MOVE = YES;
				CLANG_WARN_UNREACHABLE_CODE = YES;
				CLANG_WARN__DUPLICATE_METHOD_MATCH = YES;
				"CODE_SIGN_IDENTITY[sdk=iphoneos*]" = "iPhone Developer";
				COPY_PHASE_STRIP = NO;
				DEBUG_INFORMATION_FORMAT = "dwarf-with-dsym";
				ENABLE_NS_ASSERTIONS = NO;
				ENABLE_STRICT_OBJC_MSGSEND = YES;
				GCC_C_LANGUAGE_STANDARD = gnu99;
				GCC_NO_COMMON_BLOCKS = YES;
				GCC_WARN_64_TO_32_BIT_CONVERSION = YES;
				GCC_WARN_ABOUT_RETURN_TYPE = YES_ERROR;
				GCC_WARN_UNDECLARED_SELECTOR = YES;
				GCC_WARN_UNINITIALIZED_AUTOS = YES_AGGRESSIVE;
				GCC_WARN_UNUSED_FUNCTION = YES;
				GCC_WARN_UNUSED_VARIABLE = YES;
				IPHONEOS_DEPLOYMENT_TARGET = 10.2;
				MTL_ENABLE_DEBUG_INFO = NO;
				SDKROOT = iphoneos;
				VALIDATE_PRODUCT = YES;
			};
			name = Release;
		};
		B9E9E1391E496382002C4F78 /* Debug */ = {
			isa = XCBuildConfiguration;
			buildSettings = {
				ASSETCATALOG_COMPILER_APPICON_NAME = AppIcon;
				DEVELOPMENT_TEAM = P75V2R55B5;
				INFOPLIST_FILE = UIScrollViewStudy/Info.plist;
				LD_RUNPATH_SEARCH_PATHS = "$(inherited) @executable_path/Frameworks";
				PRODUCT_BUNDLE_IDENTIFIER = jongchan.learning.UIScrollViewStudy;
				PRODUCT_NAME = "$(TARGET_NAME)";
			};
			name = Debug;
		};
		B9E9E13A1E496382002C4F78 /* Release */ = {
			isa = XCBuildConfiguration;
			buildSettings = {
				ASSETCATALOG_COMPILER_APPICON_NAME = AppIcon;
				DEVELOPMENT_TEAM = P75V2R55B5;
				INFOPLIST_FILE = UIScrollViewStudy/Info.plist;
				LD_RUNPATH_SEARCH_PATHS = "$(inherited) @executable_path/Frameworks";
				PRODUCT_BUNDLE_IDENTIFIER = jongchan.learning.UIScrollViewStudy;
				PRODUCT_NAME = "$(TARGET_NAME)";
			};
			name = Release;
		};
/* End XCBuildConfiguration section */

/* Begin XCConfigurationList section */
		B9E9E11C1E496381002C4F78 /* Build configuration list for PBXProject "UIScrollViewStudy" */ = {
			isa = XCConfigurationList;
			buildConfigurations = (
				B9E9E1361E496382002C4F78 /* Debug */,
				B9E9E1371E496382002C4F78 /* Release */,
			);
			defaultConfigurationIsVisible = 0;
			defaultConfigurationName = Release;
		};
		B9E9E1381E496382002C4F78 /* Build configuration list for PBXNativeTarget "UIScrollViewStudy" */ = {
			isa = XCConfigurationList;
			buildConfigurations = (
				B9E9E1391E496382002C4F78 /* Debug */,
				B9E9E13A1E496382002C4F78 /* Release */,
			);
			defaultConfigurationIsVisible = 0;
		};
/* End XCConfigurationList section */
	};
	rootObject = B9E9E1191E496381002C4F78 /* Project object */;
}
