// !$*UTF8*$!
{
	archiveVersion = 1;
	classes = {
	};
	objectVersion = 46;
	objects = {

/* Begin PBXBuildFile section */
		B95A75681E55909A009C5763 /* main.m in Sources */ = {isa = PBXBuildFile; fileRef = B95A75671E55909A009C5763 /* main.m */; };
		B95A756B1E55909A009C5763 /* AppDelegate.m in Sources */ = {isa = PBXBuildFile; fileRef = B95A756A1E55909A009C5763 /* AppDelegate.m */; };
		B95A756E1E55909A009C5763 /* ViewController.m in Sources */ = {isa = PBXBuildFile; fileRef = B95A756D1E55909A009C5763 /* ViewController.m */; };
		B95A75711E55909A009C5763 /* Main.storyboard in Resources */ = {isa = PBXBuildFile; fileRef = B95A756F1E55909A009C5763 /* Main.storyboard */; };
		B95A75741E55909A009C5763 /* TableViewPrac2.xcdatamodeld in Sources */ = {isa = PBXBuildFile; fileRef = B95A75721E55909A009C5763 /* TableViewPrac2.xcdatamodeld */; };
		B95A75761E55909A009C5763 /* Assets.xcassets in Resources */ = {isa = PBXBuildFile; fileRef = B95A75751E55909A009C5763 /* Assets.xcassets */; };
		B95A75791E55909A009C5763 /* LaunchScreen.storyboard in Resources */ = {isa = PBXBuildFile; fileRef = B95A75771E55909A009C5763 /* LaunchScreen.storyboard */; };
		B95A75821E5590AC009C5763 /* DataCenter.m in Sources */ = {isa = PBXBuildFile; fileRef = B95A75801E5590AC009C5763 /* DataCenter.m */; };
		B9C6FD191E55D19300BB83FD /* CustomTableViewCell.m in Sources */ = {isa = PBXBuildFile; fileRef = B9C6FD181E55D19300BB83FD /* CustomTableViewCell.m */; };
		B9FD0A611E55D89B00E4645F /* 0.jpg in Resources */ = {isa = PBXBuildFile; fileRef = B9FD0A5D1E55D89B00E4645F /* 0.jpg */; };
		B9FD0A621E55D89B00E4645F /* 1.jpg in Resources */ = {isa = PBXBuildFile; fileRef = B9FD0A5E1E55D89B00E4645F /* 1.jpg */; };
		B9FD0A631E55D89B00E4645F /* 2.jpg in Resources */ = {isa = PBXBuildFile; fileRef = B9FD0A5F1E55D89B00E4645F /* 2.jpg */; };
		B9FD0A641E55D89B00E4645F /* 3.jpg in Resources */ = {isa = PBXBuildFile; fileRef = B9FD0A601E55D89B00E4645F /* 3.jpg */; };
/* End PBXBuildFile section */

/* Begin PBXFileReference section */
		B95A75631E55909A009C5763 /* TableViewPrac2.app */ = {isa = PBXFileReference; explicitFileType = wrapper.application; includeInIndex = 0; path = TableViewPrac2.app; sourceTree = BUILT_PRODUCTS_DIR; };
		B95A75671E55909A009C5763 /* main.m */ = {isa = PBXFileReference; lastKnownFileType = sourcecode.c.objc; path = main.m; sourceTree = "<group>"; };
		B95A75691E55909A009C5763 /* AppDelegate.h */ = {isa = PBXFileReference; lastKnownFileType = sourcecode.c.h; path = AppDelegate.h; sourceTree = "<group>"; };
		B95A756A1E55909A009C5763 /* AppDelegate.m */ = {isa = PBXFileReference; lastKnownFileType = sourcecode.c.objc; path = AppDelegate.m; sourceTree = "<group>"; };
		B95A756C1E55909A009C5763 /* ViewController.h */ = {isa = PBXFileReference; lastKnownFileType = sourcecode.c.h; path = ViewController.h; sourceTree = "<group>"; };
		B95A756D1E55909A009C5763 /* ViewController.m */ = {isa = PBXFileReference; lastKnownFileType = sourcecode.c.objc; path = ViewController.m; sourceTree = "<group>"; };
		B95A75701E55909A009C5763 /* Base */ = {isa = PBXFileReference; lastKnownFileType = file.storyboard; name = Base; path = Base.lproj/Main.storyboard; sourceTree = "<group>"; };
		B95A75731E55909A009C5763 /* TableViewPrac2.xcdatamodel */ = {isa = PBXFileReference; lastKnownFileType = wrapper.xcdatamodel; path = TableViewPrac2.xcdatamodel; sourceTree = "<group>"; };
		B95A75751E55909A009C5763 /* Assets.xcassets */ = {isa = PBXFileReference; lastKnownFileType = folder.assetcatalog; path = Assets.xcassets; sourceTree = "<group>"; };
		B95A75781E55909A009C5763 /* Base */ = {isa = PBXFileReference; lastKnownFileType = file.storyboard; name = Base; path = Base.lproj/LaunchScreen.storyboard; sourceTree = "<group>"; };
		B95A757A1E55909A009C5763 /* Info.plist */ = {isa = PBXFileReference; lastKnownFileType = text.plist.xml; path = Info.plist; sourceTree = "<group>"; };
		B95A75801E5590AC009C5763 /* DataCenter.m */ = {isa = PBXFileReference; fileEncoding = 4; lastKnownFileType = sourcecode.c.objc; path = DataCenter.m; sourceTree = "<group>"; };
		B95A75811E5590AC009C5763 /* DataCenter.h */ = {isa = PBXFileReference; fileEncoding = 4; lastKnownFileType = sourcecode.c.h; path = DataCenter.h; sourceTree = "<group>"; };
		B9C6FD171E55D19300BB83FD /* CustomTableViewCell.h */ = {isa = PBXFileReference; fileEncoding = 4; lastKnownFileType = sourcecode.c.h; path = CustomTableViewCell.h; sourceTree = "<group>"; };
		B9C6FD181E55D19300BB83FD /* CustomTableViewCell.m */ = {isa = PBXFileReference; fileEncoding = 4; lastKnownFileType = sourcecode.c.objc; path = CustomTableViewCell.m; sourceTree = "<group>"; };
		B9FD0A5D1E55D89B00E4645F /* 0.jpg */ = {isa = PBXFileReference; lastKnownFileType = image.jpeg; path = 0.jpg; sourceTree = "<group>"; };
		B9FD0A5E1E55D89B00E4645F /* 1.jpg */ = {isa = PBXFileReference; lastKnownFileType = image.jpeg; path = 1.jpg; sourceTree = "<group>"; };
		B9FD0A5F1E55D89B00E4645F /* 2.jpg */ = {isa = PBXFileReference; lastKnownFileType = image.jpeg; path = 2.jpg; sourceTree = "<group>"; };
		B9FD0A601E55D89B00E4645F /* 3.jpg */ = {isa = PBXFileReference; lastKnownFileType = image.jpeg; path = 3.jpg; sourceTree = "<group>"; };
/* End PBXFileReference section */

/* Begin PBXFrameworksBuildPhase section */
		B95A75601E55909A009C5763 /* Frameworks */ = {
			isa = PBXFrameworksBuildPhase;
			buildActionMask = 2147483647;
			files = (
			);
			runOnlyForDeploymentPostprocessing = 0;
		};
/* End PBXFrameworksBuildPhase section */

/* Begin PBXGroup section */
		B95A755A1E55909A009C5763 = {
			isa = PBXGroup;
			children = (
				B95A75651E55909A009C5763 /* TableViewPrac2 */,
				B95A75641E55909A009C5763 /* Products */,
			);
			sourceTree = "<group>";
		};
		B95A75641E55909A009C5763 /* Products */ = {
			isa = PBXGroup;
			children = (
				B95A75631E55909A009C5763 /* TableViewPrac2.app */,
			);
			name = Products;
			sourceTree = "<group>";
		};
		B95A75651E55909A009C5763 /* TableViewPrac2 */ = {
			isa = PBXGroup;
			children = (
				B95A75691E55909A009C5763 /* AppDelegate.h */,
				B95A756A1E55909A009C5763 /* AppDelegate.m */,
				B95A75811E5590AC009C5763 /* DataCenter.h */,
				B95A75801E5590AC009C5763 /* DataCenter.m */,
				B95A756C1E55909A009C5763 /* ViewController.h */,
				B95A756D1E55909A009C5763 /* ViewController.m */,
				B9C6FD171E55D19300BB83FD /* CustomTableViewCell.h */,
				B9C6FD181E55D19300BB83FD /* CustomTableViewCell.m */,
				B9FD0A5D1E55D89B00E4645F /* 0.jpg */,
				B9FD0A5E1E55D89B00E4645F /* 1.jpg */,
				B9FD0A5F1E55D89B00E4645F /* 2.jpg */,
				B9FD0A601E55D89B00E4645F /* 3.jpg */,
				B95A756F1E55909A009C5763 /* Main.storyboard */,
				B95A75751E55909A009C5763 /* Assets.xcassets */,
				B95A75771E55909A009C5763 /* LaunchScreen.storyboard */,
				B95A757A1E55909A009C5763 /* Info.plist */,
				B95A75721E55909A009C5763 /* TableViewPrac2.xcdatamodeld */,
				B95A75661E55909A009C5763 /* Supporting Files */,
			);
			path = TableViewPrac2;
			sourceTree = "<group>";
		};
		B95A75661E55909A009C5763 /* Supporting Files */ = {
			isa = PBXGroup;
			children = (
				B95A75671E55909A009C5763 /* main.m */,
			);
			name = "Supporting Files";
			sourceTree = "<group>";
		};
/* End PBXGroup section */

/* Begin PBXNativeTarget section */
		B95A75621E55909A009C5763 /* TableViewPrac2 */ = {
			isa = PBXNativeTarget;
			buildConfigurationList = B95A757D1E55909A009C5763 /* Build configuration list for PBXNativeTarget "TableViewPrac2" */;
			buildPhases = (
				B95A755F1E55909A009C5763 /* Sources */,
				B95A75601E55909A009C5763 /* Frameworks */,
				B95A75611E55909A009C5763 /* Resources */,
			);
			buildRules = (
			);
			dependencies = (
			);
			name = TableViewPrac2;
			productName = TableViewPrac2;
			productReference = B95A75631E55909A009C5763 /* TableViewPrac2.app */;
			productType = "com.apple.product-type.application";
		};
/* End PBXNativeTarget section */

/* Begin PBXProject section */
		B95A755B1E55909A009C5763 /* Project object */ = {
			isa = PBXProject;
			attributes = {
				LastUpgradeCheck = 0820;
				ORGANIZATIONNAME = "Jongchan Park";
				TargetAttributes = {
					B95A75621E55909A009C5763 = {
						CreatedOnToolsVersion = 8.2.1;
						DevelopmentTeam = P75V2R55B5;
						ProvisioningStyle = Automatic;
					};
				};
			};
			buildConfigurationList = B95A755E1E55909A009C5763 /* Build configuration list for PBXProject "TableViewPrac2" */;
			compatibilityVersion = "Xcode 3.2";
			developmentRegion = English;
			hasScannedForEncodings = 0;
			knownRegions = (
				en,
				Base,
			);
			mainGroup = B95A755A1E55909A009C5763;
			productRefGroup = B95A75641E55909A009C5763 /* Products */;
			projectDirPath = "";
			projectRoot = "";
			targets = (
				B95A75621E55909A009C5763 /* TableViewPrac2 */,
			);
		};
/* End PBXProject section */

/* Begin PBXResourcesBuildPhase section */
		B95A75611E55909A009C5763 /* Resources */ = {
			isa = PBXResourcesBuildPhase;
			buildActionMask = 2147483647;
			files = (
				B9FD0A631E55D89B00E4645F /* 2.jpg in Resources */,
				B9FD0A611E55D89B00E4645F /* 0.jpg in Resources */,
				B95A75791E55909A009C5763 /* LaunchScreen.storyboard in Resources */,
				B95A75761E55909A009C5763 /* Assets.xcassets in Resources */,
				B95A75711E55909A009C5763 /* Main.storyboard in Resources */,
				B9FD0A641E55D89B00E4645F /* 3.jpg in Resources */,
				B9FD0A621E55D89B00E4645F /* 1.jpg in Resources */,
			);
			runOnlyForDeploymentPostprocessing = 0;
		};
/* End PBXResourcesBuildPhase section */

/* Begin PBXSourcesBuildPhase section */
		B95A755F1E55909A009C5763 /* Sources */ = {
			isa = PBXSourcesBuildPhase;
			buildActionMask = 2147483647;
			files = (
				B95A756E1E55909A009C5763 /* ViewController.m in Sources */,
				B95A75821E5590AC009C5763 /* DataCenter.m in Sources */,
				B9C6FD191E55D19300BB83FD /* CustomTableViewCell.m in Sources */,
				B95A756B1E55909A009C5763 /* AppDelegate.m in Sources */,
				B95A75741E55909A009C5763 /* TableViewPrac2.xcdatamodeld in Sources */,
				B95A75681E55909A009C5763 /* main.m in Sources */,
			);
			runOnlyForDeploymentPostprocessing = 0;
		};
/* End PBXSourcesBuildPhase section */

/* Begin PBXVariantGroup section */
		B95A756F1E55909A009C5763 /* Main.storyboard */ = {
			isa = PBXVariantGroup;
			children = (
				B95A75701E55909A009C5763 /* Base */,
			);
			name = Main.storyboard;
			sourceTree = "<group>";
		};
		B95A75771E55909A009C5763 /* LaunchScreen.storyboard */ = {
			isa = PBXVariantGroup;
			children = (
				B95A75781E55909A009C5763 /* Base */,
			);
			name = LaunchScreen.storyboard;
			sourceTree = "<group>";
		};
/* End PBXVariantGroup section */

/* Begin XCBuildConfiguration section */
		B95A757B1E55909A009C5763 /* Debug */ = {
			isa = XCBuildConfiguration;
			buildSettings = {
				ALWAYS_SEARCH_USER_PATHS = NO;
				CLANG_ANALYZER_NONNULL = YES;
				CLANG_CXX_LANGUAGE_STANDARD = "gnu++0x";
				CLANG_CXX_LIBRARY = "libc++";
				CLANG_ENABLE_MODULES = YES;
				CLANG_ENABLE_OBJC_ARC = YES;
				CLANG_WARN_BOOL_CONVERSION = YES;
				CLANG_WARN_CONSTANT_CONVERSION = YES;
				CLANG_WARN_DIRECT_OBJC_ISA_USAGE = YES_ERROR;
				CLANG_WARN_DOCUMENTATION_COMMENTS = YES;
				CLANG_WARN_EMPTY_BODY = YES;
				CLANG_WARN_ENUM_CONVERSION = YES;
				CLANG_WARN_INFINITE_RECURSION = YES;
				CLANG_WARN_INT_CONVERSION = YES;
				CLANG_WARN_OBJC_ROOT_CLASS = YES_ERROR;
				CLANG_WARN_SUSPICIOUS_MOVE = YES;
				CLANG_WARN_UNREACHABLE_CODE = YES;
				CLANG_WARN__DUPLICATE_METHOD_MATCH = YES;
				"CODE_SIGN_IDENTITY[sdk=iphoneos*]" = "iPhone Developer";
				COPY_PHASE_STRIP = NO;
				DEBUG_INFORMATION_FORMAT = dwarf;
				ENABLE_STRICT_OBJC_MSGSEND = YES;
				ENABLE_TESTABILITY = YES;
				GCC_C_LANGUAGE_STANDARD = gnu99;
				GCC_DYNAMIC_NO_PIC = NO;
				GCC_NO_COMMON_BLOCKS = YES;
				GCC_OPTIMIZATION_LEVEL = 0;
				GCC_PREPROCESSOR_DEFINITIONS = (
					"DEBUG=1",
					"$(inherited)",
				);
				GCC_WARN_64_TO_32_BIT_CONVERSION = YES;
				GCC_WARN_ABOUT_RETURN_TYPE = YES_ERROR;
				GCC_WARN_UNDECLARED_SELECTOR = YES;
				GCC_WARN_UNINITIALIZED_AUTOS = YES_AGGRESSIVE;
				GCC_WARN_UNUSED_FUNCTION = YES;
				GCC_WARN_UNUSED_VARIABLE = YES;
				IPHONEOS_DEPLOYMENT_TARGET = 10.2;
				MTL_ENABLE_DEBUG_INFO = YES;
				ONLY_ACTIVE_ARCH = YES;
				SDKROOT = iphoneos;
			};
			name = Debug;
		};
		B95A757C1E55909A009C5763 /* Release */ = {
			isa = XCBuildConfiguration;
			buildSettings = {
				ALWAYS_SEARCH_USER_PATHS = NO;
				CLANG_ANALYZER_NONNULL = YES;
				CLANG_CXX_LANGUAGE_STANDARD = "gnu++0x";
				CLANG_CXX_LIBRARY = "libc++";
				CLANG_ENABLE_MODULES = YES;
				CLANG_ENABLE_OBJC_ARC = YES;
				CLANG_WARN_BOOL_CONVERSION = YES;
				CLANG_WARN_CONSTANT_CONVERSION = YES;
				CLANG_WARN_DIRECT_OBJC_ISA_USAGE = YES_ERROR;
				CLANG_WARN_DOCUMENTATION_COMMENTS = YES;
				CLANG_WARN_EMPTY_BODY = YES;
				CLANG_WARN_ENUM_CONVERSION = YES;
				CLANG_WARN_INFINITE_RECURSION = YES;
				CLANG_WARN_INT_CONVERSION = YES;
				CLANG_WARN_OBJC_ROOT_CLASS = YES_ERROR;
				CLANG_WARN_SUSPICIOUS_MOVE = YES;
				CLANG_WARN_UNREACHABLE_CODE = YES;
				CLANG_WARN__DUPLICATE_METHOD_MATCH = YES;
				"CODE_SIGN_IDENTITY[sdk=iphoneos*]" = "iPhone Developer";
				COPY_PHASE_STRIP = NO;
				DEBUG_INFORMATION_FORMAT = "dwarf-with-dsym";
				ENABLE_NS_ASSERTIONS = NO;
				ENABLE_STRICT_OBJC_MSGSEND = YES;
				GCC_C_LANGUAGE_STANDARD = gnu99;
				GCC_NO_COMMON_BLOCKS = YES;
				GCC_WARN_64_TO_32_BIT_CONVERSION = YES;
				GCC_WARN_ABOUT_RETURN_TYPE = YES_ERROR;
				GCC_WARN_UNDECLARED_SELECTOR = YES;
				GCC_WARN_UNINITIALIZED_AUTOS = YES_AGGRESSIVE;
				GCC_WARN_UNUSED_FUNCTION = YES;
				GCC_WARN_UNUSED_VARIABLE = YES;
				IPHONEOS_DEPLOYMENT_TARGET = 10.2;
				MTL_ENABLE_DEBUG_INFO = NO;
				SDKROOT = iphoneos;
				VALIDATE_PRODUCT = YES;
			};
			name = Release;
		};
		B95A757E1E55909A009C5763 /* Debug */ = {
			isa = XCBuildConfiguration;
			buildSettings = {
				ASSETCATALOG_COMPILER_APPICON_NAME = AppIcon;
				DEVELOPMENT_TEAM = P75V2R55B5;
				INFOPLIST_FILE = TableViewPrac2/Info.plist;
				LD_RUNPATH_SEARCH_PATHS = "$(inherited) @executable_path/Frameworks";
				PRODUCT_BUNDLE_IDENTIFIER = jongchanPark.presented.TableViewPrac2;
				PRODUCT_NAME = "$(TARGET_NAME)";
			};
			name = Debug;
		};
		B95A757F1E55909A009C5763 /* Release */ = {
			isa = XCBuildConfiguration;
			buildSettings = {
				ASSETCATALOG_COMPILER_APPICON_NAME = AppIcon;
				DEVELOPMENT_TEAM = P75V2R55B5;
				INFOPLIST_FILE = TableViewPrac2/Info.plist;
				LD_RUNPATH_SEARCH_PATHS = "$(inherited) @executable_path/Frameworks";
				PRODUCT_BUNDLE_IDENTIFIER = jongchanPark.presented.TableViewPrac2;
				PRODUCT_NAME = "$(TARGET_NAME)";
			};
			name = Release;
		};
/* End XCBuildConfiguration section */

/* Begin XCConfigurationList section */
		B95A755E1E55909A009C5763 /* Build configuration list for PBXProject "TableViewPrac2" */ = {
			isa = XCConfigurationList;
			buildConfigurations = (
				B95A757B1E55909A009C5763 /* Debug */,
				B95A757C1E55909A009C5763 /* Release */,
			);
			defaultConfigurationIsVisible = 0;
			defaultConfigurationName = Release;
		};
		B95A757D1E55909A009C5763 /* Build configuration list for PBXNativeTarget "TableViewPrac2" */ = {
			isa = XCConfigurationList;
			buildConfigurations = (
				B95A757E1E55909A009C5763 /* Debug */,
				B95A757F1E55909A009C5763 /* Release */,
			);
			defaultConfigurationIsVisible = 0;
			defaultConfigurationName = Release;
		};
/* End XCConfigurationList section */

/* Begin XCVersionGroup section */
		B95A75721E55909A009C5763 /* TableViewPrac2.xcdatamodeld */ = {
			isa = XCVersionGroup;
			children = (
				B95A75731E55909A009C5763 /* TableViewPrac2.xcdatamodel */,
			);
			currentVersion = B95A75731E55909A009C5763 /* TableViewPrac2.xcdatamodel */;
			path = TableViewPrac2.xcdatamodeld;
			sourceTree = "<group>";
			versionGroupType = wrapper.xcdatamodel;
		};
/* End XCVersionGroup section */
	};
	rootObject = B95A755B1E55909A009C5763 /* Project object */;
}
